<?xml version="1.0" encoding="utf-8"?>
<Project ToolsVersion="4.0" xmlns="http://schemas.microsoft.com/developer/msbuild/2003">
  <ItemGroup>
    <ClInclude Include="Acceptor.h">
      <Filter>Headers</Filter>
    </ClInclude>
    <ClInclude Include="fix40\Advertisement.h">
      <Filter>Message\Headers\fix40</Filter>
    </ClInclude>
    <ClInclude Include="fix40\Allocation.h">
      <Filter>Message\Headers\fix40</Filter>
    </ClInclude>
    <ClInclude Include="fix40\DontKnowTrade.h">
      <Filter>Message\Headers\fix40</Filter>
    </ClInclude>
    <ClInclude Include="fix40\Email.h">
      <Filter>Message\Headers\fix40</Filter>
    </ClInclude>
    <ClInclude Include="fix40\ExecutionReport.h">
      <Filter>Message\Headers\fix40</Filter>
    </ClInclude>
    <ClInclude Include="fix40\Heartbeat.h">
      <Filter>Message\Headers\fix40</Filter>
    </ClInclude>
    <ClInclude Include="fix40\ListCancelRequest.h">
      <Filter>Message\Headers\fix40</Filter>
    </ClInclude>
    <ClInclude Include="fix40\ListExecute.h">
      <Filter>Message\Headers\fix40</Filter>
    </ClInclude>
    <ClInclude Include="fix40\ListStatus.h">
      <Filter>Message\Headers\fix40</Filter>
    </ClInclude>
    <ClInclude Include="fix40\ListStatusRequest.h">
      <Filter>Message\Headers\fix40</Filter>
    </ClInclude>
    <ClInclude Include="fix40\Logon.h">
      <Filter>Message\Headers\fix40</Filter>
    </ClInclude>
    <ClInclude Include="fix40\Logout.h">
      <Filter>Message\Headers\fix40</Filter>
    </ClInclude>
    <ClInclude Include="fix40\Message.h">
      <Filter>Message\Headers\fix40</Filter>
    </ClInclude>
    <ClInclude Include="fix40\MessageCracker.h">
      <Filter>Message\Headers\fix40</Filter>
    </ClInclude>
    <ClInclude Include="fix40\NewOrderList.h">
      <Filter>Message\Headers\fix40</Filter>
    </ClInclude>
    <ClInclude Include="fix40\NewOrderSingle.h">
      <Filter>Message\Headers\fix40</Filter>
    </ClInclude>
    <ClInclude Include="fix40\News.h">
      <Filter>Message\Headers\fix40</Filter>
    </ClInclude>
    <ClInclude Include="fix40\OrderCancelReject.h">
      <Filter>Message\Headers\fix40</Filter>
    </ClInclude>
    <ClInclude Include="fix40\OrderCancelReplaceRequest.h">
      <Filter>Message\Headers\fix40</Filter>
    </ClInclude>
    <ClInclude Include="fix40\OrderCancelRequest.h">
      <Filter>Message\Headers\fix40</Filter>
    </ClInclude>
    <ClInclude Include="fix40\OrderStatusRequest.h">
      <Filter>Message\Headers\fix40</Filter>
    </ClInclude>
    <ClInclude Include="fix40\Quote.h">
      <Filter>Message\Headers\fix40</Filter>
    </ClInclude>
    <ClInclude Include="fix40\QuoteRequest.h">
      <Filter>Message\Headers\fix40</Filter>
    </ClInclude>
    <ClInclude Include="fix40\Reject.h">
      <Filter>Message\Headers\fix40</Filter>
    </ClInclude>
    <ClInclude Include="fix40\ResendRequest.h">
      <Filter>Message\Headers\fix40</Filter>
    </ClInclude>
    <ClInclude Include="fix40\SequenceReset.h">
      <Filter>Message\Headers\fix40</Filter>
    </ClInclude>
    <ClInclude Include="fix40\TestRequest.h">
      <Filter>Message\Headers\fix40</Filter>
    </ClInclude>
    <ClInclude Include="fix41\Advertisement.h">
      <Filter>Message\Headers\fix41</Filter>
    </ClInclude>
    <ClInclude Include="fix41\Allocation.h">
      <Filter>Message\Headers\fix41</Filter>
    </ClInclude>
    <ClInclude Include="fix41\DontKnowTrade.h">
      <Filter>Message\Headers\fix41</Filter>
    </ClInclude>
    <ClInclude Include="fix41\Email.h">
      <Filter>Message\Headers\fix41</Filter>
    </ClInclude>
    <ClInclude Include="fix41\ExecutionReport.h">
      <Filter>Message\Headers\fix41</Filter>
    </ClInclude>
    <ClInclude Include="fix41\Heartbeat.h">
      <Filter>Message\Headers\fix41</Filter>
    </ClInclude>
    <ClInclude Include="fix41\ListCancelRequest.h">
      <Filter>Message\Headers\fix41</Filter>
    </ClInclude>
    <ClInclude Include="fix41\ListExecute.h">
      <Filter>Message\Headers\fix41</Filter>
    </ClInclude>
    <ClInclude Include="fix41\ListStatus.h">
      <Filter>Message\Headers\fix41</Filter>
    </ClInclude>
    <ClInclude Include="fix41\ListStatusRequest.h">
      <Filter>Message\Headers\fix41</Filter>
    </ClInclude>
    <ClInclude Include="fix41\Logon.h">
      <Filter>Message\Headers\fix41</Filter>
    </ClInclude>
    <ClInclude Include="fix41\Logout.h">
      <Filter>Message\Headers\fix41</Filter>
    </ClInclude>
    <ClInclude Include="fix41\Message.h">
      <Filter>Message\Headers\fix41</Filter>
    </ClInclude>
    <ClInclude Include="fix41\MessageCracker.h">
      <Filter>Message\Headers\fix41</Filter>
    </ClInclude>
    <ClInclude Include="fix41\NewOrderList.h">
      <Filter>Message\Headers\fix41</Filter>
    </ClInclude>
    <ClInclude Include="fix41\NewOrderSingle.h">
      <Filter>Message\Headers\fix41</Filter>
    </ClInclude>
    <ClInclude Include="fix41\News.h">
      <Filter>Message\Headers\fix41</Filter>
    </ClInclude>
    <ClInclude Include="fix41\OrderCancelReject.h">
      <Filter>Message\Headers\fix41</Filter>
    </ClInclude>
    <ClInclude Include="fix41\OrderCancelReplaceRequest.h">
      <Filter>Message\Headers\fix41</Filter>
    </ClInclude>
    <ClInclude Include="fix41\OrderCancelRequest.h">
      <Filter>Message\Headers\fix41</Filter>
    </ClInclude>
    <ClInclude Include="fix41\OrderStatusRequest.h">
      <Filter>Message\Headers\fix41</Filter>
    </ClInclude>
    <ClInclude Include="fix41\Quote.h">
      <Filter>Message\Headers\fix41</Filter>
    </ClInclude>
    <ClInclude Include="fix41\QuoteRequest.h">
      <Filter>Message\Headers\fix41</Filter>
    </ClInclude>
    <ClInclude Include="fix41\Reject.h">
      <Filter>Message\Headers\fix41</Filter>
    </ClInclude>
    <ClInclude Include="fix41\ResendRequest.h">
      <Filter>Message\Headers\fix41</Filter>
    </ClInclude>
    <ClInclude Include="fix41\SequenceReset.h">
      <Filter>Message\Headers\fix41</Filter>
    </ClInclude>
    <ClInclude Include="fix41\SettlementInstructions.h">
      <Filter>Message\Headers\fix41</Filter>
    </ClInclude>
    <ClInclude Include="fix41\TestRequest.h">
      <Filter>Message\Headers\fix41</Filter>
    </ClInclude>
    <ClInclude Include="fix42\Advertisement.h">
      <Filter>Message\Headers\fix42</Filter>
    </ClInclude>
    <ClInclude Include="fix42\Allocation.h">
      <Filter>Message\Headers\fix42</Filter>
    </ClInclude>
    <ClInclude Include="fix42\BidRequest.h">
      <Filter>Message\Headers\fix42</Filter>
    </ClInclude>
    <ClInclude Include="fix42\BidResponse.h">
      <Filter>Message\Headers\fix42</Filter>
    </ClInclude>
    <ClInclude Include="fix42\BusinessMessageReject.h">
      <Filter>Message\Headers\fix42</Filter>
    </ClInclude>
    <ClInclude Include="fix42\DontKnowTrade.h">
      <Filter>Message\Headers\fix42</Filter>
    </ClInclude>
    <ClInclude Include="fix42\Email.h">
      <Filter>Message\Headers\fix42</Filter>
    </ClInclude>
    <ClInclude Include="fix42\ExecutionReport.h">
      <Filter>Message\Headers\fix42</Filter>
    </ClInclude>
    <ClInclude Include="fix42\Heartbeat.h">
      <Filter>Message\Headers\fix42</Filter>
    </ClInclude>
    <ClInclude Include="fix42\ListCancelRequest.h">
      <Filter>Message\Headers\fix42</Filter>
    </ClInclude>
    <ClInclude Include="fix42\ListExecute.h">
      <Filter>Message\Headers\fix42</Filter>
    </ClInclude>
    <ClInclude Include="fix42\ListStatus.h">
      <Filter>Message\Headers\fix42</Filter>
    </ClInclude>
    <ClInclude Include="fix42\ListStatusRequest.h">
      <Filter>Message\Headers\fix42</Filter>
    </ClInclude>
    <ClInclude Include="fix42\ListStrikePrice.h">
      <Filter>Message\Headers\fix42</Filter>
    </ClInclude>
    <ClInclude Include="fix42\Logon.h">
      <Filter>Message\Headers\fix42</Filter>
    </ClInclude>
    <ClInclude Include="fix42\Logout.h">
      <Filter>Message\Headers\fix42</Filter>
    </ClInclude>
    <ClInclude Include="fix42\MarketDataIncrementalRefresh.h">
      <Filter>Message\Headers\fix42</Filter>
    </ClInclude>
    <ClInclude Include="fix42\MarketDataRequest.h">
      <Filter>Message\Headers\fix42</Filter>
    </ClInclude>
    <ClInclude Include="fix42\MarketDataRequestReject.h">
      <Filter>Message\Headers\fix42</Filter>
    </ClInclude>
    <ClInclude Include="fix42\MarketDataSnapshotFullRefresh.h">
      <Filter>Message\Headers\fix42</Filter>
    </ClInclude>
    <ClInclude Include="fix42\MassQuote.h">
      <Filter>Message\Headers\fix42</Filter>
    </ClInclude>
    <ClInclude Include="fix42\Message.h">
      <Filter>Message\Headers\fix42</Filter>
    </ClInclude>
    <ClInclude Include="fix42\MessageCracker.h">
      <Filter>Message\Headers\fix42</Filter>
    </ClInclude>
    <ClInclude Include="fix42\NewOrderList.h">
      <Filter>Message\Headers\fix42</Filter>
    </ClInclude>
    <ClInclude Include="fix42\NewOrderSingle.h">
      <Filter>Message\Headers\fix42</Filter>
    </ClInclude>
    <ClInclude Include="fix42\News.h">
      <Filter>Message\Headers\fix42</Filter>
    </ClInclude>
    <ClInclude Include="fix42\OrderCancelReject.h">
      <Filter>Message\Headers\fix42</Filter>
    </ClInclude>
    <ClInclude Include="fix42\OrderCancelReplaceRequest.h">
      <Filter>Message\Headers\fix42</Filter>
    </ClInclude>
    <ClInclude Include="fix42\OrderCancelRequest.h">
      <Filter>Message\Headers\fix42</Filter>
    </ClInclude>
    <ClInclude Include="fix42\OrderStatusRequest.h">
      <Filter>Message\Headers\fix42</Filter>
    </ClInclude>
    <ClInclude Include="fix42\Quote.h">
      <Filter>Message\Headers\fix42</Filter>
    </ClInclude>
    <ClInclude Include="fix42\QuoteAcknowledgement.h">
      <Filter>Message\Headers\fix42</Filter>
    </ClInclude>
    <ClInclude Include="fix42\QuoteCancel.h">
      <Filter>Message\Headers\fix42</Filter>
    </ClInclude>
    <ClInclude Include="fix42\QuoteRequest.h">
      <Filter>Message\Headers\fix42</Filter>
    </ClInclude>
    <ClInclude Include="fix42\QuoteStatusRequest.h">
      <Filter>Message\Headers\fix42</Filter>
    </ClInclude>
    <ClInclude Include="fix42\Reject.h">
      <Filter>Message\Headers\fix42</Filter>
    </ClInclude>
    <ClInclude Include="fix42\ResendRequest.h">
      <Filter>Message\Headers\fix42</Filter>
    </ClInclude>
    <ClInclude Include="fix42\SecurityDefinition.h">
      <Filter>Message\Headers\fix42</Filter>
    </ClInclude>
    <ClInclude Include="fix42\SecurityDefinitionRequest.h">
      <Filter>Message\Headers\fix42</Filter>
    </ClInclude>
    <ClInclude Include="fix42\SecurityStatus.h">
      <Filter>Message\Headers\fix42</Filter>
    </ClInclude>
    <ClInclude Include="fix42\SecurityStatusRequest.h">
      <Filter>Message\Headers\fix42</Filter>
    </ClInclude>
    <ClInclude Include="fix42\SequenceReset.h">
      <Filter>Message\Headers\fix42</Filter>
    </ClInclude>
    <ClInclude Include="fix42\SettlementInstructions.h">
      <Filter>Message\Headers\fix42</Filter>
    </ClInclude>
    <ClInclude Include="fix42\TestRequest.h">
      <Filter>Message\Headers\fix42</Filter>
    </ClInclude>
    <ClInclude Include="fix42\TradingSessionStatus.h">
      <Filter>Message\Headers\fix42</Filter>
    </ClInclude>
    <ClInclude Include="fix42\TradingSessionStatusRequest.h">
      <Filter>Message\Headers\fix42</Filter>
    </ClInclude>
    <ClInclude Include="fix43\Advertisement.h">
      <Filter>Message\Headers\fix43</Filter>
    </ClInclude>
    <ClInclude Include="fix43\Allocation.h">
      <Filter>Message\Headers\fix43</Filter>
    </ClInclude>
    <ClInclude Include="fix43\AllocationAck.h">
      <Filter>Message\Headers\fix43</Filter>
    </ClInclude>
    <ClInclude Include="fix43\BidRequest.h">
      <Filter>Message\Headers\fix43</Filter>
    </ClInclude>
    <ClInclude Include="fix43\BidResponse.h">
      <Filter>Message\Headers\fix43</Filter>
    </ClInclude>
    <ClInclude Include="fix43\BusinessMessageReject.h">
      <Filter>Message\Headers\fix43</Filter>
    </ClInclude>
    <ClInclude Include="fix43\CrossOrderCancelReplaceRequest.h">
      <Filter>Message\Headers\fix43</Filter>
    </ClInclude>
    <ClInclude Include="fix43\CrossOrderCancelRequest.h">
      <Filter>Message\Headers\fix43</Filter>
    </ClInclude>
    <ClInclude Include="fix43\DerivativeSecurityList.h">
      <Filter>Message\Headers\fix43</Filter>
    </ClInclude>
    <ClInclude Include="fix43\DerivativeSecurityListRequest.h">
      <Filter>Message\Headers\fix43</Filter>
    </ClInclude>
    <ClInclude Include="fix43\DontKnowTrade.h">
      <Filter>Message\Headers\fix43</Filter>
    </ClInclude>
    <ClInclude Include="fix43\Email.h">
      <Filter>Message\Headers\fix43</Filter>
    </ClInclude>
    <ClInclude Include="fix43\ExecutionReport.h">
      <Filter>Message\Headers\fix43</Filter>
    </ClInclude>
    <ClInclude Include="fix43\Heartbeat.h">
      <Filter>Message\Headers\fix43</Filter>
    </ClInclude>
    <ClInclude Include="fix43\IOI.h">
      <Filter>Message\Headers\fix43</Filter>
    </ClInclude>
    <ClInclude Include="fix43\ListCancelRequest.h">
      <Filter>Message\Headers\fix43</Filter>
    </ClInclude>
    <ClInclude Include="fix43\ListExecute.h">
      <Filter>Message\Headers\fix43</Filter>
    </ClInclude>
    <ClInclude Include="fix43\ListStatus.h">
      <Filter>Message\Headers\fix43</Filter>
    </ClInclude>
    <ClInclude Include="fix43\ListStatusRequest.h">
      <Filter>Message\Headers\fix43</Filter>
    </ClInclude>
    <ClInclude Include="fix43\ListStrikePrice.h">
      <Filter>Message\Headers\fix43</Filter>
    </ClInclude>
    <ClInclude Include="fix43\Logon.h">
      <Filter>Message\Headers\fix43</Filter>
    </ClInclude>
    <ClInclude Include="fix43\Logout.h">
      <Filter>Message\Headers\fix43</Filter>
    </ClInclude>
    <ClInclude Include="fix43\MarketDataIncrementalRefresh.h">
      <Filter>Message\Headers\fix43</Filter>
    </ClInclude>
    <ClInclude Include="fix43\MarketDataRequest.h">
      <Filter>Message\Headers\fix43</Filter>
    </ClInclude>
    <ClInclude Include="fix43\MarketDataRequestReject.h">
      <Filter>Message\Headers\fix43</Filter>
    </ClInclude>
    <ClInclude Include="fix43\MarketDataSnapshotFullRefresh.h">
      <Filter>Message\Headers\fix43</Filter>
    </ClInclude>
    <ClInclude Include="fix43\MassQuote.h">
      <Filter>Message\Headers\fix43</Filter>
    </ClInclude>
    <ClInclude Include="fix43\MassQuoteAcknowledgement.h">
      <Filter>Message\Headers\fix43</Filter>
    </ClInclude>
    <ClInclude Include="fix43\Message.h">
      <Filter>Message\Headers\fix43</Filter>
    </ClInclude>
    <ClInclude Include="fix43\MessageCracker.h">
      <Filter>Message\Headers\fix43</Filter>
    </ClInclude>
    <ClInclude Include="fix43\MultilegOrderCancelReplaceRequest.h">
      <Filter>Message\Headers\fix43</Filter>
    </ClInclude>
    <ClInclude Include="fix43\NewOrderCross.h">
      <Filter>Message\Headers\fix43</Filter>
    </ClInclude>
    <ClInclude Include="fix43\NewOrderList.h">
      <Filter>Message\Headers\fix43</Filter>
    </ClInclude>
    <ClInclude Include="fix43\NewOrderMultileg.h">
      <Filter>Message\Headers\fix43</Filter>
    </ClInclude>
    <ClInclude Include="fix43\NewOrderSingle.h">
      <Filter>Message\Headers\fix43</Filter>
    </ClInclude>
    <ClInclude Include="fix43\News.h">
      <Filter>Message\Headers\fix43</Filter>
    </ClInclude>
    <ClInclude Include="fix43\OrderCancelReject.h">
      <Filter>Message\Headers\fix43</Filter>
    </ClInclude>
    <ClInclude Include="fix43\OrderCancelReplaceRequest.h">
      <Filter>Message\Headers\fix43</Filter>
    </ClInclude>
    <ClInclude Include="fix43\OrderCancelRequest.h">
      <Filter>Message\Headers\fix43</Filter>
    </ClInclude>
    <ClInclude Include="fix43\OrderMassCancelReport.h">
      <Filter>Message\Headers\fix43</Filter>
    </ClInclude>
    <ClInclude Include="fix43\OrderMassCancelRequest.h">
      <Filter>Message\Headers\fix43</Filter>
    </ClInclude>
    <ClInclude Include="fix43\OrderMassStatusRequest.h">
      <Filter>Message\Headers\fix43</Filter>
    </ClInclude>
    <ClInclude Include="fix43\OrderStatusRequest.h">
      <Filter>Message\Headers\fix43</Filter>
    </ClInclude>
    <ClInclude Include="fix43\Quote.h">
      <Filter>Message\Headers\fix43</Filter>
    </ClInclude>
    <ClInclude Include="fix43\QuoteCancel.h">
      <Filter>Message\Headers\fix43</Filter>
    </ClInclude>
    <ClInclude Include="fix43\QuoteRequest.h">
      <Filter>Message\Headers\fix43</Filter>
    </ClInclude>
    <ClInclude Include="fix43\QuoteRequestReject.h">
      <Filter>Message\Headers\fix43</Filter>
    </ClInclude>
    <ClInclude Include="fix43\QuoteStatusReport.h">
      <Filter>Message\Headers\fix43</Filter>
    </ClInclude>
    <ClInclude Include="fix43\QuoteStatusRequest.h">
      <Filter>Message\Headers\fix43</Filter>
    </ClInclude>
    <ClInclude Include="fix43\RegistrationInstructions.h">
      <Filter>Message\Headers\fix43</Filter>
    </ClInclude>
    <ClInclude Include="fix43\RegistrationInstructionsResponse.h">
      <Filter>Message\Headers\fix43</Filter>
    </ClInclude>
    <ClInclude Include="fix43\Reject.h">
      <Filter>Message\Headers\fix43</Filter>
    </ClInclude>
    <ClInclude Include="fix43\ResendRequest.h">
      <Filter>Message\Headers\fix43</Filter>
    </ClInclude>
    <ClInclude Include="fix43\RFQRequest.h">
      <Filter>Message\Headers\fix43</Filter>
    </ClInclude>
    <ClInclude Include="fix43\SecurityDefinition.h">
      <Filter>Message\Headers\fix43</Filter>
    </ClInclude>
    <ClInclude Include="fix43\SecurityDefinitionRequest.h">
      <Filter>Message\Headers\fix43</Filter>
    </ClInclude>
    <ClInclude Include="fix43\SecurityList.h">
      <Filter>Message\Headers\fix43</Filter>
    </ClInclude>
    <ClInclude Include="fix43\SecurityListRequest.h">
      <Filter>Message\Headers\fix43</Filter>
    </ClInclude>
    <ClInclude Include="fix43\SecurityStatus.h">
      <Filter>Message\Headers\fix43</Filter>
    </ClInclude>
    <ClInclude Include="fix43\SecurityStatusRequest.h">
      <Filter>Message\Headers\fix43</Filter>
    </ClInclude>
    <ClInclude Include="fix43\SecurityTypeRequest.h">
      <Filter>Message\Headers\fix43</Filter>
    </ClInclude>
    <ClInclude Include="fix43\SecurityTypes.h">
      <Filter>Message\Headers\fix43</Filter>
    </ClInclude>
    <ClInclude Include="fix43\SequenceReset.h">
      <Filter>Message\Headers\fix43</Filter>
    </ClInclude>
    <ClInclude Include="fix43\SettlementInstructions.h">
      <Filter>Message\Headers\fix43</Filter>
    </ClInclude>
    <ClInclude Include="fix43\TestRequest.h">
      <Filter>Message\Headers\fix43</Filter>
    </ClInclude>
    <ClInclude Include="fix43\TradeCaptureReport.h">
      <Filter>Message\Headers\fix43</Filter>
    </ClInclude>
    <ClInclude Include="fix43\TradeCaptureReportRequest.h">
      <Filter>Message\Headers\fix43</Filter>
    </ClInclude>
    <ClInclude Include="fix43\TradingSessionStatus.h">
      <Filter>Message\Headers\fix43</Filter>
    </ClInclude>
    <ClInclude Include="fix43\TradingSessionStatusRequest.h">
      <Filter>Message\Headers\fix43</Filter>
    </ClInclude>
    <ClInclude Include="fix44\Advertisement.h">
      <Filter>Message\Headers\fix44</Filter>
    </ClInclude>
    <ClInclude Include="fix44\AllocationInstruction.h">
      <Filter>Message\Headers\fix44</Filter>
    </ClInclude>
    <ClInclude Include="fix44\AllocationInstructionAck.h">
      <Filter>Message\Headers\fix44</Filter>
    </ClInclude>
    <ClInclude Include="fix44\AllocationReport.h">
      <Filter>Message\Headers\fix44</Filter>
    </ClInclude>
    <ClInclude Include="fix44\AllocationReportAck.h">
      <Filter>Message\Headers\fix44</Filter>
    </ClInclude>
    <ClInclude Include="fix44\AssignmentReport.h">
      <Filter>Message\Headers\fix44</Filter>
    </ClInclude>
    <ClInclude Include="fix44\BidRequest.h">
      <Filter>Message\Headers\fix44</Filter>
    </ClInclude>
    <ClInclude Include="fix44\BidResponse.h">
      <Filter>Message\Headers\fix44</Filter>
    </ClInclude>
    <ClInclude Include="fix44\BusinessMessageReject.h">
      <Filter>Message\Headers\fix44</Filter>
    </ClInclude>
    <ClInclude Include="fix44\CollateralAssignment.h">
      <Filter>Message\Headers\fix44</Filter>
    </ClInclude>
    <ClInclude Include="fix44\CollateralInquiry.h">
      <Filter>Message\Headers\fix44</Filter>
    </ClInclude>
    <ClInclude Include="fix44\CollateralInquiryAck.h">
      <Filter>Message\Headers\fix44</Filter>
    </ClInclude>
    <ClInclude Include="fix44\CollateralReport.h">
      <Filter>Message\Headers\fix44</Filter>
    </ClInclude>
    <ClInclude Include="fix44\CollateralRequest.h">
      <Filter>Message\Headers\fix44</Filter>
    </ClInclude>
    <ClInclude Include="fix44\CollateralResponse.h">
      <Filter>Message\Headers\fix44</Filter>
    </ClInclude>
    <ClInclude Include="fix44\Confirmation.h">
      <Filter>Message\Headers\fix44</Filter>
    </ClInclude>
    <ClInclude Include="fix44\ConfirmationAck.h">
      <Filter>Message\Headers\fix44</Filter>
    </ClInclude>
    <ClInclude Include="fix44\ConfirmationRequest.h">
      <Filter>Message\Headers\fix44</Filter>
    </ClInclude>
    <ClInclude Include="fix44\CrossOrderCancelReplaceRequest.h">
      <Filter>Message\Headers\fix44</Filter>
    </ClInclude>
    <ClInclude Include="fix44\CrossOrderCancelRequest.h">
      <Filter>Message\Headers\fix44</Filter>
    </ClInclude>
    <ClInclude Include="fix44\DerivativeSecurityList.h">
      <Filter>Message\Headers\fix44</Filter>
    </ClInclude>
    <ClInclude Include="fix44\DerivativeSecurityListRequest.h">
      <Filter>Message\Headers\fix44</Filter>
    </ClInclude>
    <ClInclude Include="fix44\DontKnowTrade.h">
      <Filter>Message\Headers\fix44</Filter>
    </ClInclude>
    <ClInclude Include="fix44\Email.h">
      <Filter>Message\Headers\fix44</Filter>
    </ClInclude>
    <ClInclude Include="fix44\ExecutionReport.h">
      <Filter>Message\Headers\fix44</Filter>
    </ClInclude>
    <ClInclude Include="fix44\Heartbeat.h">
      <Filter>Message\Headers\fix44</Filter>
    </ClInclude>
    <ClInclude Include="fix44\IOI.h">
      <Filter>Message\Headers\fix44</Filter>
    </ClInclude>
    <ClInclude Include="fix44\ListCancelRequest.h">
      <Filter>Message\Headers\fix44</Filter>
    </ClInclude>
    <ClInclude Include="fix44\ListExecute.h">
      <Filter>Message\Headers\fix44</Filter>
    </ClInclude>
    <ClInclude Include="fix44\ListStatus.h">
      <Filter>Message\Headers\fix44</Filter>
    </ClInclude>
    <ClInclude Include="fix44\ListStatusRequest.h">
      <Filter>Message\Headers\fix44</Filter>
    </ClInclude>
    <ClInclude Include="fix44\ListStrikePrice.h">
      <Filter>Message\Headers\fix44</Filter>
    </ClInclude>
    <ClInclude Include="fix44\Logon.h">
      <Filter>Message\Headers\fix44</Filter>
    </ClInclude>
    <ClInclude Include="fix44\Logout.h">
      <Filter>Message\Headers\fix44</Filter>
    </ClInclude>
    <ClInclude Include="fix44\MarketDataIncrementalRefresh.h">
      <Filter>Message\Headers\fix44</Filter>
    </ClInclude>
    <ClInclude Include="fix44\MarketDataRequest.h">
      <Filter>Message\Headers\fix44</Filter>
    </ClInclude>
    <ClInclude Include="fix44\MarketDataRequestReject.h">
      <Filter>Message\Headers\fix44</Filter>
    </ClInclude>
    <ClInclude Include="fix44\MarketDataSnapshotFullRefresh.h">
      <Filter>Message\Headers\fix44</Filter>
    </ClInclude>
    <ClInclude Include="fix44\MassQuote.h">
      <Filter>Message\Headers\fix44</Filter>
    </ClInclude>
    <ClInclude Include="fix44\MassQuoteAcknowledgement.h">
      <Filter>Message\Headers\fix44</Filter>
    </ClInclude>
    <ClInclude Include="fix44\Message.h">
      <Filter>Message\Headers\fix44</Filter>
    </ClInclude>
    <ClInclude Include="fix44\MessageCracker.h">
      <Filter>Message\Headers\fix44</Filter>
    </ClInclude>
    <ClInclude Include="fix44\MultilegOrderCancelReplace.h">
      <Filter>Message\Headers\fix44</Filter>
    </ClInclude>
    <ClInclude Include="fix44\NetworkCounterpartySystemStatusRequest.h">
      <Filter>Message\Headers\fix44</Filter>
    </ClInclude>
    <ClInclude Include="fix44\NetworkCounterpartySystemStatusResponse.h">
      <Filter>Message\Headers\fix44</Filter>
    </ClInclude>
    <ClInclude Include="fix44\NewOrderCross.h">
      <Filter>Message\Headers\fix44</Filter>
    </ClInclude>
    <ClInclude Include="fix44\NewOrderList.h">
      <Filter>Message\Headers\fix44</Filter>
    </ClInclude>
    <ClInclude Include="fix44\NewOrderMultileg.h">
      <Filter>Message\Headers\fix44</Filter>
    </ClInclude>
    <ClInclude Include="fix44\NewOrderSingle.h">
      <Filter>Message\Headers\fix44</Filter>
    </ClInclude>
    <ClInclude Include="fix44\News.h">
      <Filter>Message\Headers\fix44</Filter>
    </ClInclude>
    <ClInclude Include="fix44\OrderCancelReject.h">
      <Filter>Message\Headers\fix44</Filter>
    </ClInclude>
    <ClInclude Include="fix44\OrderCancelReplaceRequest.h">
      <Filter>Message\Headers\fix44</Filter>
    </ClInclude>
    <ClInclude Include="fix44\OrderCancelRequest.h">
      <Filter>Message\Headers\fix44</Filter>
    </ClInclude>
    <ClInclude Include="fix44\OrderMassCancelReport.h">
      <Filter>Message\Headers\fix44</Filter>
    </ClInclude>
    <ClInclude Include="fix44\OrderMassCancelRequest.h">
      <Filter>Message\Headers\fix44</Filter>
    </ClInclude>
    <ClInclude Include="fix44\OrderMassStatusRequest.h">
      <Filter>Message\Headers\fix44</Filter>
    </ClInclude>
    <ClInclude Include="fix44\OrderStatusRequest.h">
      <Filter>Message\Headers\fix44</Filter>
    </ClInclude>
    <ClInclude Include="fix44\PositionMaintenanceReport.h">
      <Filter>Message\Headers\fix44</Filter>
    </ClInclude>
    <ClInclude Include="fix44\PositionMaintenanceRequest.h">
      <Filter>Message\Headers\fix44</Filter>
    </ClInclude>
    <ClInclude Include="fix44\PositionReport.h">
      <Filter>Message\Headers\fix44</Filter>
    </ClInclude>
    <ClInclude Include="fix44\Quote.h">
      <Filter>Message\Headers\fix44</Filter>
    </ClInclude>
    <ClInclude Include="fix44\QuoteCancel.h">
      <Filter>Message\Headers\fix44</Filter>
    </ClInclude>
    <ClInclude Include="fix44\QuoteRequest.h">
      <Filter>Message\Headers\fix44</Filter>
    </ClInclude>
    <ClInclude Include="fix44\QuoteRequestReject.h">
      <Filter>Message\Headers\fix44</Filter>
    </ClInclude>
    <ClInclude Include="fix44\QuoteResponse.h">
      <Filter>Message\Headers\fix44</Filter>
    </ClInclude>
    <ClInclude Include="fix44\QuoteStatusReport.h">
      <Filter>Message\Headers\fix44</Filter>
    </ClInclude>
    <ClInclude Include="fix44\QuoteStatusRequest.h">
      <Filter>Message\Headers\fix44</Filter>
    </ClInclude>
    <ClInclude Include="fix44\RegistrationInstructions.h">
      <Filter>Message\Headers\fix44</Filter>
    </ClInclude>
    <ClInclude Include="fix44\RegistrationInstructionsResponse.h">
      <Filter>Message\Headers\fix44</Filter>
    </ClInclude>
    <ClInclude Include="fix44\Reject.h">
      <Filter>Message\Headers\fix44</Filter>
    </ClInclude>
    <ClInclude Include="fix44\RequestForPositions.h">
      <Filter>Message\Headers\fix44</Filter>
    </ClInclude>
    <ClInclude Include="fix44\RequestForPositionsAck.h">
      <Filter>Message\Headers\fix44</Filter>
    </ClInclude>
    <ClInclude Include="fix44\ResendRequest.h">
      <Filter>Message\Headers\fix44</Filter>
    </ClInclude>
    <ClInclude Include="fix44\RFQRequest.h">
      <Filter>Message\Headers\fix44</Filter>
    </ClInclude>
    <ClInclude Include="fix44\SecurityDefinition.h">
      <Filter>Message\Headers\fix44</Filter>
    </ClInclude>
    <ClInclude Include="fix44\SecurityDefinitionRequest.h">
      <Filter>Message\Headers\fix44</Filter>
    </ClInclude>
    <ClInclude Include="fix44\SecurityList.h">
      <Filter>Message\Headers\fix44</Filter>
    </ClInclude>
    <ClInclude Include="fix44\SecurityListRequest.h">
      <Filter>Message\Headers\fix44</Filter>
    </ClInclude>
    <ClInclude Include="fix44\SecurityStatus.h">
      <Filter>Message\Headers\fix44</Filter>
    </ClInclude>
    <ClInclude Include="fix44\SecurityStatusRequest.h">
      <Filter>Message\Headers\fix44</Filter>
    </ClInclude>
    <ClInclude Include="fix44\SecurityTypeRequest.h">
      <Filter>Message\Headers\fix44</Filter>
    </ClInclude>
    <ClInclude Include="fix44\SecurityTypes.h">
      <Filter>Message\Headers\fix44</Filter>
    </ClInclude>
    <ClInclude Include="fix44\SequenceReset.h">
      <Filter>Message\Headers\fix44</Filter>
    </ClInclude>
    <ClInclude Include="fix44\SettlementInstructionRequest.h">
      <Filter>Message\Headers\fix44</Filter>
    </ClInclude>
    <ClInclude Include="fix44\SettlementInstructions.h">
      <Filter>Message\Headers\fix44</Filter>
    </ClInclude>
    <ClInclude Include="fix44\TestRequest.h">
      <Filter>Message\Headers\fix44</Filter>
    </ClInclude>
    <ClInclude Include="fix44\TradeCaptureReport.h">
      <Filter>Message\Headers\fix44</Filter>
    </ClInclude>
    <ClInclude Include="fix44\TradeCaptureReportAck.h">
      <Filter>Message\Headers\fix44</Filter>
    </ClInclude>
    <ClInclude Include="fix44\TradeCaptureReportRequest.h">
      <Filter>Message\Headers\fix44</Filter>
    </ClInclude>
    <ClInclude Include="fix44\TradeCaptureReportRequestAck.h">
      <Filter>Message\Headers\fix44</Filter>
    </ClInclude>
    <ClInclude Include="fix44\TradingSessionStatus.h">
      <Filter>Message\Headers\fix44</Filter>
    </ClInclude>
    <ClInclude Include="fix44\TradingSessionStatusRequest.h">
      <Filter>Message\Headers\fix44</Filter>
    </ClInclude>
    <ClInclude Include="fix44\UserRequest.h">
      <Filter>Message\Headers\fix44</Filter>
    </ClInclude>
    <ClInclude Include="fix44\UserResponse.h">
      <Filter>Message\Headers\fix44</Filter>
    </ClInclude>
    <ClInclude Include="fix50\AdjustedPositionReport.h">
      <Filter>Message\Headers\fix50</Filter>
    </ClInclude>
    <ClInclude Include="fix50\Advertisement.h">
      <Filter>Message\Headers\fix50</Filter>
    </ClInclude>
    <ClInclude Include="fix50\AllocationInstruction.h">
      <Filter>Message\Headers\fix50</Filter>
    </ClInclude>
    <ClInclude Include="fix50\AllocationInstructionAck.h">
      <Filter>Message\Headers\fix50</Filter>
    </ClInclude>
    <ClInclude Include="fix50\AllocationInstructionAlert.h">
      <Filter>Message\Headers\fix50</Filter>
    </ClInclude>
    <ClInclude Include="fix50\AllocationReport.h">
      <Filter>Message\Headers\fix50</Filter>
    </ClInclude>
    <ClInclude Include="fix50\AllocationReportAck.h">
      <Filter>Message\Headers\fix50</Filter>
    </ClInclude>
    <ClInclude Include="fix50\AssignmentReport.h">
      <Filter>Message\Headers\fix50</Filter>
    </ClInclude>
    <ClInclude Include="fix50\BidRequest.h">
      <Filter>Message\Headers\fix50</Filter>
    </ClInclude>
    <ClInclude Include="fix50\BidResponse.h">
      <Filter>Message\Headers\fix50</Filter>
    </ClInclude>
    <ClInclude Include="fix50\BusinessMessageReject.h">
      <Filter>Message\Headers\fix50</Filter>
    </ClInclude>
    <ClInclude Include="fix50\CollateralAssignment.h">
      <Filter>Message\Headers\fix50</Filter>
    </ClInclude>
    <ClInclude Include="fix50\CollateralInquiry.h">
      <Filter>Message\Headers\fix50</Filter>
    </ClInclude>
    <ClInclude Include="fix50\CollateralInquiryAck.h">
      <Filter>Message\Headers\fix50</Filter>
    </ClInclude>
    <ClInclude Include="fix50\CollateralReport.h">
      <Filter>Message\Headers\fix50</Filter>
    </ClInclude>
    <ClInclude Include="fix50\CollateralRequest.h">
      <Filter>Message\Headers\fix50</Filter>
    </ClInclude>
    <ClInclude Include="fix50\CollateralResponse.h">
      <Filter>Message\Headers\fix50</Filter>
    </ClInclude>
    <ClInclude Include="fix50\Confirmation.h">
      <Filter>Message\Headers\fix50</Filter>
    </ClInclude>
    <ClInclude Include="fix50\ConfirmationAck.h">
      <Filter>Message\Headers\fix50</Filter>
    </ClInclude>
    <ClInclude Include="fix50\ConfirmationRequest.h">
      <Filter>Message\Headers\fix50</Filter>
    </ClInclude>
    <ClInclude Include="fix50\ContraryIntentionReport.h">
      <Filter>Message\Headers\fix50</Filter>
    </ClInclude>
    <ClInclude Include="fix50\CrossOrderCancelReplaceRequest.h">
      <Filter>Message\Headers\fix50</Filter>
    </ClInclude>
    <ClInclude Include="fix50\CrossOrderCancelRequest.h">
      <Filter>Message\Headers\fix50</Filter>
    </ClInclude>
    <ClInclude Include="fix50\DerivativeSecurityList.h">
      <Filter>Message\Headers\fix50</Filter>
    </ClInclude>
    <ClInclude Include="fix50\DerivativeSecurityListRequest.h">
      <Filter>Message\Headers\fix50</Filter>
    </ClInclude>
    <ClInclude Include="fix50\DontKnowTrade.h">
      <Filter>Message\Headers\fix50</Filter>
    </ClInclude>
    <ClInclude Include="fix50\Email.h">
      <Filter>Message\Headers\fix50</Filter>
    </ClInclude>
    <ClInclude Include="fix50\ExecutionAcknowledgement.h">
      <Filter>Message\Headers\fix50</Filter>
    </ClInclude>
    <ClInclude Include="fix50\ExecutionReport.h">
      <Filter>Message\Headers\fix50</Filter>
    </ClInclude>
    <ClInclude Include="fix50\IOI.h">
      <Filter>Message\Headers\fix50</Filter>
    </ClInclude>
    <ClInclude Include="fix50\ListCancelRequest.h">
      <Filter>Message\Headers\fix50</Filter>
    </ClInclude>
    <ClInclude Include="fix50\ListExecute.h">
      <Filter>Message\Headers\fix50</Filter>
    </ClInclude>
    <ClInclude Include="fix50\ListStatus.h">
      <Filter>Message\Headers\fix50</Filter>
    </ClInclude>
    <ClInclude Include="fix50\ListStatusRequest.h">
      <Filter>Message\Headers\fix50</Filter>
    </ClInclude>
    <ClInclude Include="fix50\ListStrikePrice.h">
      <Filter>Message\Headers\fix50</Filter>
    </ClInclude>
    <ClInclude Include="fix50\MarketDataIncrementalRefresh.h">
      <Filter>Message\Headers\fix50</Filter>
    </ClInclude>
    <ClInclude Include="fix50\MarketDataRequest.h">
      <Filter>Message\Headers\fix50</Filter>
    </ClInclude>
    <ClInclude Include="fix50\MarketDataRequestReject.h">
      <Filter>Message\Headers\fix50</Filter>
    </ClInclude>
    <ClInclude Include="fix50\MarketDataSnapshotFullRefresh.h">
      <Filter>Message\Headers\fix50</Filter>
    </ClInclude>
    <ClInclude Include="fix50\MassQuote.h">
      <Filter>Message\Headers\fix50</Filter>
    </ClInclude>
    <ClInclude Include="fix50\MassQuoteAcknowledgement.h">
      <Filter>Message\Headers\fix50</Filter>
    </ClInclude>
    <ClInclude Include="fix50\Message.h">
      <Filter>Message\Headers\fix50</Filter>
    </ClInclude>
    <ClInclude Include="fix50\MessageCracker.h">
      <Filter>Message\Headers\fix50</Filter>
    </ClInclude>
    <ClInclude Include="fix50\MultilegOrderCancelReplace.h">
      <Filter>Message\Headers\fix50</Filter>
    </ClInclude>
    <ClInclude Include="fix50\NetworkCounterpartySystemStatusRequest.h">
      <Filter>Message\Headers\fix50</Filter>
    </ClInclude>
    <ClInclude Include="fix50\NetworkCounterpartySystemStatusResponse.h">
      <Filter>Message\Headers\fix50</Filter>
    </ClInclude>
    <ClInclude Include="fix50\NewOrderCross.h">
      <Filter>Message\Headers\fix50</Filter>
    </ClInclude>
    <ClInclude Include="fix50\NewOrderList.h">
      <Filter>Message\Headers\fix50</Filter>
    </ClInclude>
    <ClInclude Include="fix50\NewOrderMultileg.h">
      <Filter>Message\Headers\fix50</Filter>
    </ClInclude>
    <ClInclude Include="fix50\NewOrderSingle.h">
      <Filter>Message\Headers\fix50</Filter>
    </ClInclude>
    <ClInclude Include="fix50\News.h">
      <Filter>Message\Headers\fix50</Filter>
    </ClInclude>
    <ClInclude Include="fix50\OrderCancelReject.h">
      <Filter>Message\Headers\fix50</Filter>
    </ClInclude>
    <ClInclude Include="fix50\OrderCancelReplaceRequest.h">
      <Filter>Message\Headers\fix50</Filter>
    </ClInclude>
    <ClInclude Include="fix50\OrderCancelRequest.h">
      <Filter>Message\Headers\fix50</Filter>
    </ClInclude>
    <ClInclude Include="fix50\OrderMassCancelReport.h">
      <Filter>Message\Headers\fix50</Filter>
    </ClInclude>
    <ClInclude Include="fix50\OrderMassCancelRequest.h">
      <Filter>Message\Headers\fix50</Filter>
    </ClInclude>
    <ClInclude Include="fix50\OrderMassStatusRequest.h">
      <Filter>Message\Headers\fix50</Filter>
    </ClInclude>
    <ClInclude Include="fix50\OrderStatusRequest.h">
      <Filter>Message\Headers\fix50</Filter>
    </ClInclude>
    <ClInclude Include="fix50\PositionMaintenanceReport.h">
      <Filter>Message\Headers\fix50</Filter>
    </ClInclude>
    <ClInclude Include="fix50\PositionMaintenanceRequest.h">
      <Filter>Message\Headers\fix50</Filter>
    </ClInclude>
    <ClInclude Include="fix50\PositionReport.h">
      <Filter>Message\Headers\fix50</Filter>
    </ClInclude>
    <ClInclude Include="fix50\Quote.h">
      <Filter>Message\Headers\fix50</Filter>
    </ClInclude>
    <ClInclude Include="fix50\QuoteCancel.h">
      <Filter>Message\Headers\fix50</Filter>
    </ClInclude>
    <ClInclude Include="fix50\QuoteRequest.h">
      <Filter>Message\Headers\fix50</Filter>
    </ClInclude>
    <ClInclude Include="fix50\QuoteRequestReject.h">
      <Filter>Message\Headers\fix50</Filter>
    </ClInclude>
    <ClInclude Include="fix50\QuoteResponse.h">
      <Filter>Message\Headers\fix50</Filter>
    </ClInclude>
    <ClInclude Include="fix50\QuoteStatusReport.h">
      <Filter>Message\Headers\fix50</Filter>
    </ClInclude>
    <ClInclude Include="fix50\QuoteStatusRequest.h">
      <Filter>Message\Headers\fix50</Filter>
    </ClInclude>
    <ClInclude Include="fix50\RegistrationInstructions.h">
      <Filter>Message\Headers\fix50</Filter>
    </ClInclude>
    <ClInclude Include="fix50\RegistrationInstructionsResponse.h">
      <Filter>Message\Headers\fix50</Filter>
    </ClInclude>
    <ClInclude Include="fix50\RequestForPositions.h">
      <Filter>Message\Headers\fix50</Filter>
    </ClInclude>
    <ClInclude Include="fix50\RequestForPositionsAck.h">
      <Filter>Message\Headers\fix50</Filter>
    </ClInclude>
    <ClInclude Include="fix50\RFQRequest.h">
      <Filter>Message\Headers\fix50</Filter>
    </ClInclude>
    <ClInclude Include="fix50\SecurityDefinition.h">
      <Filter>Message\Headers\fix50</Filter>
    </ClInclude>
    <ClInclude Include="fix50\SecurityDefinitionRequest.h">
      <Filter>Message\Headers\fix50</Filter>
    </ClInclude>
    <ClInclude Include="fix50\SecurityDefinitionUpdateReport.h">
      <Filter>Message\Headers\fix50</Filter>
    </ClInclude>
    <ClInclude Include="fix50\SecurityList.h">
      <Filter>Message\Headers\fix50</Filter>
    </ClInclude>
    <ClInclude Include="fix50\SecurityListRequest.h">
      <Filter>Message\Headers\fix50</Filter>
    </ClInclude>
    <ClInclude Include="fix50\SecurityListUpdateReport.h">
      <Filter>Message\Headers\fix50</Filter>
    </ClInclude>
    <ClInclude Include="fix50\SecurityStatus.h">
      <Filter>Message\Headers\fix50</Filter>
    </ClInclude>
    <ClInclude Include="fix50\SecurityStatusRequest.h">
      <Filter>Message\Headers\fix50</Filter>
    </ClInclude>
    <ClInclude Include="fix50\SecurityTypeRequest.h">
      <Filter>Message\Headers\fix50</Filter>
    </ClInclude>
    <ClInclude Include="fix50\SecurityTypes.h">
      <Filter>Message\Headers\fix50</Filter>
    </ClInclude>
    <ClInclude Include="fix50\SettlementInstructionRequest.h">
      <Filter>Message\Headers\fix50</Filter>
    </ClInclude>
    <ClInclude Include="fix50\SettlementInstructions.h">
      <Filter>Message\Headers\fix50</Filter>
    </ClInclude>
    <ClInclude Include="fix50\TradeCaptureReport.h">
      <Filter>Message\Headers\fix50</Filter>
    </ClInclude>
    <ClInclude Include="fix50\TradeCaptureReportAck.h">
      <Filter>Message\Headers\fix50</Filter>
    </ClInclude>
    <ClInclude Include="fix50\TradeCaptureReportRequest.h">
      <Filter>Message\Headers\fix50</Filter>
    </ClInclude>
    <ClInclude Include="fix50\TradeCaptureReportRequestAck.h">
      <Filter>Message\Headers\fix50</Filter>
    </ClInclude>
    <ClInclude Include="fix50\TradingSessionList.h">
      <Filter>Message\Headers\fix50</Filter>
    </ClInclude>
    <ClInclude Include="fix50\TradingSessionListRequest.h">
      <Filter>Message\Headers\fix50</Filter>
    </ClInclude>
    <ClInclude Include="fix50\TradingSessionStatus.h">
      <Filter>Message\Headers\fix50</Filter>
    </ClInclude>
    <ClInclude Include="fix50\TradingSessionStatusRequest.h">
      <Filter>Message\Headers\fix50</Filter>
    </ClInclude>
    <ClInclude Include="fix50\UserRequest.h">
      <Filter>Message\Headers\fix50</Filter>
    </ClInclude>
    <ClInclude Include="fix50\UserResponse.h">
      <Filter>Message\Headers\fix50</Filter>
    </ClInclude>
    <ClInclude Include="fix50sp1\AdjustedPositionReport.h">
      <Filter>Message\Headers\fix50sp1</Filter>
    </ClInclude>
    <ClInclude Include="fix50sp1\Advertisement.h">
      <Filter>Message\Headers\fix50sp1</Filter>
    </ClInclude>
    <ClInclude Include="fix50sp1\AllocationInstruction.h">
      <Filter>Message\Headers\fix50sp1</Filter>
    </ClInclude>
    <ClInclude Include="fix50sp1\AllocationInstructionAck.h">
      <Filter>Message\Headers\fix50sp1</Filter>
    </ClInclude>
    <ClInclude Include="fix50sp1\AllocationInstructionAlert.h">
      <Filter>Message\Headers\fix50sp1</Filter>
    </ClInclude>
    <ClInclude Include="fix50sp1\AllocationReport.h">
      <Filter>Message\Headers\fix50sp1</Filter>
    </ClInclude>
    <ClInclude Include="fix50sp1\AllocationReportAck.h">
      <Filter>Message\Headers\fix50sp1</Filter>
    </ClInclude>
    <ClInclude Include="fix50sp1\ApplicationMessageReport.h">
      <Filter>Message\Headers\fix50sp1</Filter>
    </ClInclude>
    <ClInclude Include="fix50sp1\ApplicationMessageRequest.h">
      <Filter>Message\Headers\fix50sp1</Filter>
    </ClInclude>
    <ClInclude Include="fix50sp1\ApplicationMessageRequestAck.h">
      <Filter>Message\Headers\fix50sp1</Filter>
    </ClInclude>
    <ClInclude Include="fix50sp1\AssignmentReport.h">
      <Filter>Message\Headers\fix50sp1</Filter>
    </ClInclude>
    <ClInclude Include="fix50sp1\BidRequest.h">
      <Filter>Message\Headers\fix50sp1</Filter>
    </ClInclude>
    <ClInclude Include="fix50sp1\BidResponse.h">
      <Filter>Message\Headers\fix50sp1</Filter>
    </ClInclude>
    <ClInclude Include="fix50sp1\BusinessMessageReject.h">
      <Filter>Message\Headers\fix50sp1</Filter>
    </ClInclude>
    <ClInclude Include="fix50sp1\CollateralAssignment.h">
      <Filter>Message\Headers\fix50sp1</Filter>
    </ClInclude>
    <ClInclude Include="fix50sp1\CollateralInquiry.h">
      <Filter>Message\Headers\fix50sp1</Filter>
    </ClInclude>
    <ClInclude Include="fix50sp1\CollateralInquiryAck.h">
      <Filter>Message\Headers\fix50sp1</Filter>
    </ClInclude>
    <ClInclude Include="fix50sp1\CollateralReport.h">
      <Filter>Message\Headers\fix50sp1</Filter>
    </ClInclude>
    <ClInclude Include="fix50sp1\CollateralRequest.h">
      <Filter>Message\Headers\fix50sp1</Filter>
    </ClInclude>
    <ClInclude Include="fix50sp1\CollateralResponse.h">
      <Filter>Message\Headers\fix50sp1</Filter>
    </ClInclude>
    <ClInclude Include="fix50sp1\Confirmation.h">
      <Filter>Message\Headers\fix50sp1</Filter>
    </ClInclude>
    <ClInclude Include="fix50sp1\ConfirmationAck.h">
      <Filter>Message\Headers\fix50sp1</Filter>
    </ClInclude>
    <ClInclude Include="fix50sp1\ConfirmationRequest.h">
      <Filter>Message\Headers\fix50sp1</Filter>
    </ClInclude>
    <ClInclude Include="fix50sp1\ContraryIntentionReport.h">
      <Filter>Message\Headers\fix50sp1</Filter>
    </ClInclude>
    <ClInclude Include="fix50sp1\CrossOrderCancelReplaceRequest.h">
      <Filter>Message\Headers\fix50sp1</Filter>
    </ClInclude>
    <ClInclude Include="fix50sp1\CrossOrderCancelRequest.h">
      <Filter>Message\Headers\fix50sp1</Filter>
    </ClInclude>
    <ClInclude Include="fix50sp1\DerivativeSecurityList.h">
      <Filter>Message\Headers\fix50sp1</Filter>
    </ClInclude>
    <ClInclude Include="fix50sp1\DerivativeSecurityListRequest.h">
      <Filter>Message\Headers\fix50sp1</Filter>
    </ClInclude>
    <ClInclude Include="fix50sp1\DerivativeSecurityListUpdateReport.h">
      <Filter>Message\Headers\fix50sp1</Filter>
    </ClInclude>
    <ClInclude Include="fix50sp1\DontKnowTrade.h">
      <Filter>Message\Headers\fix50sp1</Filter>
    </ClInclude>
    <ClInclude Include="fix50sp1\Email.h">
      <Filter>Message\Headers\fix50sp1</Filter>
    </ClInclude>
    <ClInclude Include="fix50sp1\ExecutionAcknowledgement.h">
      <Filter>Message\Headers\fix50sp1</Filter>
    </ClInclude>
    <ClInclude Include="fix50sp1\ExecutionReport.h">
      <Filter>Message\Headers\fix50sp1</Filter>
    </ClInclude>
    <ClInclude Include="fix50sp1\IOI.h">
      <Filter>Message\Headers\fix50sp1</Filter>
    </ClInclude>
    <ClInclude Include="fix50sp1\ListCancelRequest.h">
      <Filter>Message\Headers\fix50sp1</Filter>
    </ClInclude>
    <ClInclude Include="fix50sp1\ListExecute.h">
      <Filter>Message\Headers\fix50sp1</Filter>
    </ClInclude>
    <ClInclude Include="fix50sp1\ListStatus.h">
      <Filter>Message\Headers\fix50sp1</Filter>
    </ClInclude>
    <ClInclude Include="fix50sp1\ListStatusRequest.h">
      <Filter>Message\Headers\fix50sp1</Filter>
    </ClInclude>
    <ClInclude Include="fix50sp1\ListStrikePrice.h">
      <Filter>Message\Headers\fix50sp1</Filter>
    </ClInclude>
    <ClInclude Include="fix50sp1\MarketDataIncrementalRefresh.h">
      <Filter>Message\Headers\fix50sp1</Filter>
    </ClInclude>
    <ClInclude Include="fix50sp1\MarketDataRequest.h">
      <Filter>Message\Headers\fix50sp1</Filter>
    </ClInclude>
    <ClInclude Include="fix50sp1\MarketDataRequestReject.h">
      <Filter>Message\Headers\fix50sp1</Filter>
    </ClInclude>
    <ClInclude Include="fix50sp1\MarketDataSnapshotFullRefresh.h">
      <Filter>Message\Headers\fix50sp1</Filter>
    </ClInclude>
    <ClInclude Include="fix50sp1\MarketDefinition.h">
      <Filter>Message\Headers\fix50sp1</Filter>
    </ClInclude>
    <ClInclude Include="fix50sp1\MarketDefinitionRequest.h">
      <Filter>Message\Headers\fix50sp1</Filter>
    </ClInclude>
    <ClInclude Include="fix50sp1\MarketDefinitionUpdateReport.h">
      <Filter>Message\Headers\fix50sp1</Filter>
    </ClInclude>
    <ClInclude Include="fix50sp1\MassQuote.h">
      <Filter>Message\Headers\fix50sp1</Filter>
    </ClInclude>
    <ClInclude Include="fix50sp1\MassQuoteAcknowledgement.h">
      <Filter>Message\Headers\fix50sp1</Filter>
    </ClInclude>
    <ClInclude Include="fix50sp1\Message.h">
      <Filter>Message\Headers\fix50sp1</Filter>
    </ClInclude>
    <ClInclude Include="fix50sp1\MessageCracker.h">
      <Filter>Message\Headers\fix50sp1</Filter>
    </ClInclude>
    <ClInclude Include="fix50sp1\MultilegOrderCancelReplace.h">
      <Filter>Message\Headers\fix50sp1</Filter>
    </ClInclude>
    <ClInclude Include="fix50sp1\NetworkCounterpartySystemStatusRequest.h">
      <Filter>Message\Headers\fix50sp1</Filter>
    </ClInclude>
    <ClInclude Include="fix50sp1\NetworkCounterpartySystemStatusResponse.h">
      <Filter>Message\Headers\fix50sp1</Filter>
    </ClInclude>
    <ClInclude Include="fix50sp1\NewOrderCross.h">
      <Filter>Message\Headers\fix50sp1</Filter>
    </ClInclude>
    <ClInclude Include="fix50sp1\NewOrderList.h">
      <Filter>Message\Headers\fix50sp1</Filter>
    </ClInclude>
    <ClInclude Include="fix50sp1\NewOrderMultileg.h">
      <Filter>Message\Headers\fix50sp1</Filter>
    </ClInclude>
    <ClInclude Include="fix50sp1\NewOrderSingle.h">
      <Filter>Message\Headers\fix50sp1</Filter>
    </ClInclude>
    <ClInclude Include="fix50sp1\News.h">
      <Filter>Message\Headers\fix50sp1</Filter>
    </ClInclude>
    <ClInclude Include="fix50sp1\OrderCancelReject.h">
      <Filter>Message\Headers\fix50sp1</Filter>
    </ClInclude>
    <ClInclude Include="fix50sp1\OrderCancelReplaceRequest.h">
      <Filter>Message\Headers\fix50sp1</Filter>
    </ClInclude>
    <ClInclude Include="fix50sp1\OrderCancelRequest.h">
      <Filter>Message\Headers\fix50sp1</Filter>
    </ClInclude>
    <ClInclude Include="fix50sp1\OrderMassActionReport.h">
      <Filter>Message\Headers\fix50sp1</Filter>
    </ClInclude>
    <ClInclude Include="fix50sp1\OrderMassActionRequest.h">
      <Filter>Message\Headers\fix50sp1</Filter>
    </ClInclude>
    <ClInclude Include="fix50sp1\OrderMassCancelReport.h">
      <Filter>Message\Headers\fix50sp1</Filter>
    </ClInclude>
    <ClInclude Include="fix50sp1\OrderMassCancelRequest.h">
      <Filter>Message\Headers\fix50sp1</Filter>
    </ClInclude>
    <ClInclude Include="fix50sp1\OrderMassStatusRequest.h">
      <Filter>Message\Headers\fix50sp1</Filter>
    </ClInclude>
    <ClInclude Include="fix50sp1\OrderStatusRequest.h">
      <Filter>Message\Headers\fix50sp1</Filter>
    </ClInclude>
    <ClInclude Include="fix50sp1\PositionMaintenanceReport.h">
      <Filter>Message\Headers\fix50sp1</Filter>
    </ClInclude>
    <ClInclude Include="fix50sp1\PositionMaintenanceRequest.h">
      <Filter>Message\Headers\fix50sp1</Filter>
    </ClInclude>
    <ClInclude Include="fix50sp1\PositionReport.h">
      <Filter>Message\Headers\fix50sp1</Filter>
    </ClInclude>
    <ClInclude Include="fix50sp1\Quote.h">
      <Filter>Message\Headers\fix50sp1</Filter>
    </ClInclude>
    <ClInclude Include="fix50sp1\QuoteCancel.h">
      <Filter>Message\Headers\fix50sp1</Filter>
    </ClInclude>
    <ClInclude Include="fix50sp1\QuoteRequest.h">
      <Filter>Message\Headers\fix50sp1</Filter>
    </ClInclude>
    <ClInclude Include="fix50sp1\QuoteRequestReject.h">
      <Filter>Message\Headers\fix50sp1</Filter>
    </ClInclude>
    <ClInclude Include="fix50sp1\QuoteResponse.h">
      <Filter>Message\Headers\fix50sp1</Filter>
    </ClInclude>
    <ClInclude Include="fix50sp1\QuoteStatusReport.h">
      <Filter>Message\Headers\fix50sp1</Filter>
    </ClInclude>
    <ClInclude Include="fix50sp1\QuoteStatusRequest.h">
      <Filter>Message\Headers\fix50sp1</Filter>
    </ClInclude>
    <ClInclude Include="fix50sp1\RegistrationInstructions.h">
      <Filter>Message\Headers\fix50sp1</Filter>
    </ClInclude>
    <ClInclude Include="fix50sp1\RegistrationInstructionsResponse.h">
      <Filter>Message\Headers\fix50sp1</Filter>
    </ClInclude>
    <ClInclude Include="fix50sp1\RequestForPositions.h">
      <Filter>Message\Headers\fix50sp1</Filter>
    </ClInclude>
    <ClInclude Include="fix50sp1\RequestForPositionsAck.h">
      <Filter>Message\Headers\fix50sp1</Filter>
    </ClInclude>
    <ClInclude Include="fix50sp1\RFQRequest.h">
      <Filter>Message\Headers\fix50sp1</Filter>
    </ClInclude>
    <ClInclude Include="fix50sp1\SecurityDefinition.h">
      <Filter>Message\Headers\fix50sp1</Filter>
    </ClInclude>
    <ClInclude Include="fix50sp1\SecurityDefinitionRequest.h">
      <Filter>Message\Headers\fix50sp1</Filter>
    </ClInclude>
    <ClInclude Include="fix50sp1\SecurityDefinitionUpdateReport.h">
      <Filter>Message\Headers\fix50sp1</Filter>
    </ClInclude>
    <ClInclude Include="fix50sp1\SecurityList.h">
      <Filter>Message\Headers\fix50sp1</Filter>
    </ClInclude>
    <ClInclude Include="fix50sp1\SecurityListRequest.h">
      <Filter>Message\Headers\fix50sp1</Filter>
    </ClInclude>
    <ClInclude Include="fix50sp1\SecurityListUpdateReport.h">
      <Filter>Message\Headers\fix50sp1</Filter>
    </ClInclude>
    <ClInclude Include="fix50sp1\SecurityStatus.h">
      <Filter>Message\Headers\fix50sp1</Filter>
    </ClInclude>
    <ClInclude Include="fix50sp1\SecurityStatusRequest.h">
      <Filter>Message\Headers\fix50sp1</Filter>
    </ClInclude>
    <ClInclude Include="fix50sp1\SecurityTypeRequest.h">
      <Filter>Message\Headers\fix50sp1</Filter>
    </ClInclude>
    <ClInclude Include="fix50sp1\SecurityTypes.h">
      <Filter>Message\Headers\fix50sp1</Filter>
    </ClInclude>
    <ClInclude Include="fix50sp1\SettlementInstructionRequest.h">
      <Filter>Message\Headers\fix50sp1</Filter>
    </ClInclude>
    <ClInclude Include="fix50sp1\SettlementInstructions.h">
      <Filter>Message\Headers\fix50sp1</Filter>
    </ClInclude>
    <ClInclude Include="fix50sp1\SettlementObligationReport.h">
      <Filter>Message\Headers\fix50sp1</Filter>
    </ClInclude>
    <ClInclude Include="fix50sp1\TradeCaptureReport.h">
      <Filter>Message\Headers\fix50sp1</Filter>
    </ClInclude>
    <ClInclude Include="fix50sp1\TradeCaptureReportAck.h">
      <Filter>Message\Headers\fix50sp1</Filter>
    </ClInclude>
    <ClInclude Include="fix50sp1\TradeCaptureReportRequest.h">
      <Filter>Message\Headers\fix50sp1</Filter>
    </ClInclude>
    <ClInclude Include="fix50sp1\TradeCaptureReportRequestAck.h">
      <Filter>Message\Headers\fix50sp1</Filter>
    </ClInclude>
    <ClInclude Include="fix50sp1\TradingSessionList.h">
      <Filter>Message\Headers\fix50sp1</Filter>
    </ClInclude>
    <ClInclude Include="fix50sp1\TradingSessionListRequest.h">
      <Filter>Message\Headers\fix50sp1</Filter>
    </ClInclude>
    <ClInclude Include="fix50sp1\TradingSessionListUpdateReport.h">
      <Filter>Message\Headers\fix50sp1</Filter>
    </ClInclude>
    <ClInclude Include="fix50sp1\TradingSessionStatus.h">
      <Filter>Message\Headers\fix50sp1</Filter>
    </ClInclude>
    <ClInclude Include="fix50sp1\TradingSessionStatusRequest.h">
      <Filter>Message\Headers\fix50sp1</Filter>
    </ClInclude>
    <ClInclude Include="fix50sp1\UserNotification.h">
      <Filter>Message\Headers\fix50sp1</Filter>
    </ClInclude>
    <ClInclude Include="fix50sp1\UserRequest.h">
      <Filter>Message\Headers\fix50sp1</Filter>
    </ClInclude>
    <ClInclude Include="fix50sp1\UserResponse.h">
      <Filter>Message\Headers\fix50sp1</Filter>
    </ClInclude>
    <ClInclude Include="fix50sp2\AdjustedPositionReport.h">
      <Filter>Message\Headers\fix50sp2</Filter>
    </ClInclude>
    <ClInclude Include="fix50sp2\Advertisement.h">
      <Filter>Message\Headers\fix50sp2</Filter>
    </ClInclude>
    <ClInclude Include="fix50sp2\AllocationInstruction.h">
      <Filter>Message\Headers\fix50sp2</Filter>
    </ClInclude>
    <ClInclude Include="fix50sp2\AllocationInstructionAck.h">
      <Filter>Message\Headers\fix50sp2</Filter>
    </ClInclude>
    <ClInclude Include="fix50sp2\AllocationInstructionAlert.h">
      <Filter>Message\Headers\fix50sp2</Filter>
    </ClInclude>
    <ClInclude Include="fix50sp2\AllocationReport.h">
      <Filter>Message\Headers\fix50sp2</Filter>
    </ClInclude>
    <ClInclude Include="fix50sp2\AllocationReportAck.h">
      <Filter>Message\Headers\fix50sp2</Filter>
    </ClInclude>
    <ClInclude Include="fix50sp2\ApplicationMessageReport.h">
      <Filter>Message\Headers\fix50sp2</Filter>
    </ClInclude>
    <ClInclude Include="fix50sp2\ApplicationMessageRequest.h">
      <Filter>Message\Headers\fix50sp2</Filter>
    </ClInclude>
    <ClInclude Include="fix50sp2\ApplicationMessageRequestAck.h">
      <Filter>Message\Headers\fix50sp2</Filter>
    </ClInclude>
    <ClInclude Include="fix50sp2\AssignmentReport.h">
      <Filter>Message\Headers\fix50sp2</Filter>
    </ClInclude>
    <ClInclude Include="fix50sp2\BidRequest.h">
      <Filter>Message\Headers\fix50sp2</Filter>
    </ClInclude>
    <ClInclude Include="fix50sp2\BidResponse.h">
      <Filter>Message\Headers\fix50sp2</Filter>
    </ClInclude>
    <ClInclude Include="fix50sp2\BusinessMessageReject.h">
      <Filter>Message\Headers\fix50sp2</Filter>
    </ClInclude>
    <ClInclude Include="fix50sp2\CollateralAssignment.h">
      <Filter>Message\Headers\fix50sp2</Filter>
    </ClInclude>
    <ClInclude Include="fix50sp2\CollateralInquiry.h">
      <Filter>Message\Headers\fix50sp2</Filter>
    </ClInclude>
    <ClInclude Include="fix50sp2\CollateralInquiryAck.h">
      <Filter>Message\Headers\fix50sp2</Filter>
    </ClInclude>
    <ClInclude Include="fix50sp2\CollateralReport.h">
      <Filter>Message\Headers\fix50sp2</Filter>
    </ClInclude>
    <ClInclude Include="fix50sp2\CollateralRequest.h">
      <Filter>Message\Headers\fix50sp2</Filter>
    </ClInclude>
    <ClInclude Include="fix50sp2\CollateralResponse.h">
      <Filter>Message\Headers\fix50sp2</Filter>
    </ClInclude>
    <ClInclude Include="fix50sp2\Confirmation.h">
      <Filter>Message\Headers\fix50sp2</Filter>
    </ClInclude>
    <ClInclude Include="fix50sp2\ConfirmationAck.h">
      <Filter>Message\Headers\fix50sp2</Filter>
    </ClInclude>
    <ClInclude Include="fix50sp2\ConfirmationRequest.h">
      <Filter>Message\Headers\fix50sp2</Filter>
    </ClInclude>
    <ClInclude Include="fix50sp2\ContraryIntentionReport.h">
      <Filter>Message\Headers\fix50sp2</Filter>
    </ClInclude>
    <ClInclude Include="fix50sp2\CrossOrderCancelReplaceRequest.h">
      <Filter>Message\Headers\fix50sp2</Filter>
    </ClInclude>
    <ClInclude Include="fix50sp2\CrossOrderCancelRequest.h">
      <Filter>Message\Headers\fix50sp2</Filter>
    </ClInclude>
    <ClInclude Include="fix50sp2\DerivativeSecurityList.h">
      <Filter>Message\Headers\fix50sp2</Filter>
    </ClInclude>
    <ClInclude Include="fix50sp2\DerivativeSecurityListRequest.h">
      <Filter>Message\Headers\fix50sp2</Filter>
    </ClInclude>
    <ClInclude Include="fix50sp2\DerivativeSecurityListUpdateReport.h">
      <Filter>Message\Headers\fix50sp2</Filter>
    </ClInclude>
    <ClInclude Include="fix50sp2\DontKnowTrade.h">
      <Filter>Message\Headers\fix50sp2</Filter>
    </ClInclude>
    <ClInclude Include="fix50sp2\Email.h">
      <Filter>Message\Headers\fix50sp2</Filter>
    </ClInclude>
    <ClInclude Include="fix50sp2\ExecutionAcknowledgement.h">
      <Filter>Message\Headers\fix50sp2</Filter>
    </ClInclude>
    <ClInclude Include="fix50sp2\ExecutionReport.h">
      <Filter>Message\Headers\fix50sp2</Filter>
    </ClInclude>
    <ClInclude Include="fix50sp2\IOI.h">
      <Filter>Message\Headers\fix50sp2</Filter>
    </ClInclude>
    <ClInclude Include="fix50sp2\ListCancelRequest.h">
      <Filter>Message\Headers\fix50sp2</Filter>
    </ClInclude>
    <ClInclude Include="fix50sp2\ListExecute.h">
      <Filter>Message\Headers\fix50sp2</Filter>
    </ClInclude>
    <ClInclude Include="fix50sp2\ListStatus.h">
      <Filter>Message\Headers\fix50sp2</Filter>
    </ClInclude>
    <ClInclude Include="fix50sp2\ListStatusRequest.h">
      <Filter>Message\Headers\fix50sp2</Filter>
    </ClInclude>
    <ClInclude Include="fix50sp2\ListStrikePrice.h">
      <Filter>Message\Headers\fix50sp2</Filter>
    </ClInclude>
    <ClInclude Include="fix50sp2\MarketDataIncrementalRefresh.h">
      <Filter>Message\Headers\fix50sp2</Filter>
    </ClInclude>
    <ClInclude Include="fix50sp2\MarketDataRequest.h">
      <Filter>Message\Headers\fix50sp2</Filter>
    </ClInclude>
    <ClInclude Include="fix50sp2\MarketDataRequestReject.h">
      <Filter>Message\Headers\fix50sp2</Filter>
    </ClInclude>
    <ClInclude Include="fix50sp2\MarketDataSnapshotFullRefresh.h">
      <Filter>Message\Headers\fix50sp2</Filter>
    </ClInclude>
    <ClInclude Include="fix50sp2\MarketDefinition.h">
      <Filter>Message\Headers\fix50sp2</Filter>
    </ClInclude>
    <ClInclude Include="fix50sp2\MarketDefinitionRequest.h">
      <Filter>Message\Headers\fix50sp2</Filter>
    </ClInclude>
    <ClInclude Include="fix50sp2\MarketDefinitionUpdateReport.h">
      <Filter>Message\Headers\fix50sp2</Filter>
    </ClInclude>
    <ClInclude Include="fix50sp2\MassQuote.h">
      <Filter>Message\Headers\fix50sp2</Filter>
    </ClInclude>
    <ClInclude Include="fix50sp2\MassQuoteAcknowledgement.h">
      <Filter>Message\Headers\fix50sp2</Filter>
    </ClInclude>
    <ClInclude Include="fix50sp2\Message.h">
      <Filter>Message\Headers\fix50sp2</Filter>
    </ClInclude>
    <ClInclude Include="fix50sp2\MessageCracker.h">
      <Filter>Message\Headers\fix50sp2</Filter>
    </ClInclude>
    <ClInclude Include="fix50sp2\MultilegOrderCancelReplace.h">
      <Filter>Message\Headers\fix50sp2</Filter>
    </ClInclude>
    <ClInclude Include="fix50sp2\NetworkCounterpartySystemStatusRequest.h">
      <Filter>Message\Headers\fix50sp2</Filter>
    </ClInclude>
    <ClInclude Include="fix50sp2\NetworkCounterpartySystemStatusResponse.h">
      <Filter>Message\Headers\fix50sp2</Filter>
    </ClInclude>
    <ClInclude Include="fix50sp2\NewOrderCross.h">
      <Filter>Message\Headers\fix50sp2</Filter>
    </ClInclude>
    <ClInclude Include="fix50sp2\NewOrderList.h">
      <Filter>Message\Headers\fix50sp2</Filter>
    </ClInclude>
    <ClInclude Include="fix50sp2\NewOrderMultileg.h">
      <Filter>Message\Headers\fix50sp2</Filter>
    </ClInclude>
    <ClInclude Include="fix50sp2\NewOrderSingle.h">
      <Filter>Message\Headers\fix50sp2</Filter>
    </ClInclude>
    <ClInclude Include="fix50sp2\News.h">
      <Filter>Message\Headers\fix50sp2</Filter>
    </ClInclude>
    <ClInclude Include="fix50sp2\OrderCancelReject.h">
      <Filter>Message\Headers\fix50sp2</Filter>
    </ClInclude>
    <ClInclude Include="fix50sp2\OrderCancelReplaceRequest.h">
      <Filter>Message\Headers\fix50sp2</Filter>
    </ClInclude>
    <ClInclude Include="fix50sp2\OrderCancelRequest.h">
      <Filter>Message\Headers\fix50sp2</Filter>
    </ClInclude>
    <ClInclude Include="fix50sp2\OrderMassActionReport.h">
      <Filter>Message\Headers\fix50sp2</Filter>
    </ClInclude>
    <ClInclude Include="fix50sp2\OrderMassActionRequest.h">
      <Filter>Message\Headers\fix50sp2</Filter>
    </ClInclude>
    <ClInclude Include="fix50sp2\OrderMassCancelReport.h">
      <Filter>Message\Headers\fix50sp2</Filter>
    </ClInclude>
    <ClInclude Include="fix50sp2\OrderMassCancelRequest.h">
      <Filter>Message\Headers\fix50sp2</Filter>
    </ClInclude>
    <ClInclude Include="fix50sp2\OrderMassStatusRequest.h">
      <Filter>Message\Headers\fix50sp2</Filter>
    </ClInclude>
    <ClInclude Include="fix50sp2\OrderStatusRequest.h">
      <Filter>Message\Headers\fix50sp2</Filter>
    </ClInclude>
    <ClInclude Include="fix50sp2\PositionMaintenanceReport.h">
      <Filter>Message\Headers\fix50sp2</Filter>
    </ClInclude>
    <ClInclude Include="fix50sp2\PositionMaintenanceRequest.h">
      <Filter>Message\Headers\fix50sp2</Filter>
    </ClInclude>
    <ClInclude Include="fix50sp2\PositionReport.h">
      <Filter>Message\Headers\fix50sp2</Filter>
    </ClInclude>
    <ClInclude Include="fix50sp2\Quote.h">
      <Filter>Message\Headers\fix50sp2</Filter>
    </ClInclude>
    <ClInclude Include="fix50sp2\QuoteCancel.h">
      <Filter>Message\Headers\fix50sp2</Filter>
    </ClInclude>
    <ClInclude Include="fix50sp2\QuoteRequest.h">
      <Filter>Message\Headers\fix50sp2</Filter>
    </ClInclude>
    <ClInclude Include="fix50sp2\QuoteRequestReject.h">
      <Filter>Message\Headers\fix50sp2</Filter>
    </ClInclude>
    <ClInclude Include="fix50sp2\QuoteResponse.h">
      <Filter>Message\Headers\fix50sp2</Filter>
    </ClInclude>
    <ClInclude Include="fix50sp2\QuoteStatusReport.h">
      <Filter>Message\Headers\fix50sp2</Filter>
    </ClInclude>
    <ClInclude Include="fix50sp2\QuoteStatusRequest.h">
      <Filter>Message\Headers\fix50sp2</Filter>
    </ClInclude>
    <ClInclude Include="fix50sp2\RegistrationInstructions.h">
      <Filter>Message\Headers\fix50sp2</Filter>
    </ClInclude>
    <ClInclude Include="fix50sp2\RegistrationInstructionsResponse.h">
      <Filter>Message\Headers\fix50sp2</Filter>
    </ClInclude>
    <ClInclude Include="fix50sp2\RequestForPositions.h">
      <Filter>Message\Headers\fix50sp2</Filter>
    </ClInclude>
    <ClInclude Include="fix50sp2\RequestForPositionsAck.h">
      <Filter>Message\Headers\fix50sp2</Filter>
    </ClInclude>
    <ClInclude Include="fix50sp2\RFQRequest.h">
      <Filter>Message\Headers\fix50sp2</Filter>
    </ClInclude>
    <ClInclude Include="fix50sp2\SecurityDefinition.h">
      <Filter>Message\Headers\fix50sp2</Filter>
    </ClInclude>
    <ClInclude Include="fix50sp2\SecurityDefinitionRequest.h">
      <Filter>Message\Headers\fix50sp2</Filter>
    </ClInclude>
    <ClInclude Include="fix50sp2\SecurityDefinitionUpdateReport.h">
      <Filter>Message\Headers\fix50sp2</Filter>
    </ClInclude>
    <ClInclude Include="fix50sp2\SecurityList.h">
      <Filter>Message\Headers\fix50sp2</Filter>
    </ClInclude>
    <ClInclude Include="fix50sp2\SecurityListRequest.h">
      <Filter>Message\Headers\fix50sp2</Filter>
    </ClInclude>
    <ClInclude Include="fix50sp2\SecurityListUpdateReport.h">
      <Filter>Message\Headers\fix50sp2</Filter>
    </ClInclude>
    <ClInclude Include="fix50sp2\SecurityStatus.h">
      <Filter>Message\Headers\fix50sp2</Filter>
    </ClInclude>
    <ClInclude Include="fix50sp2\SecurityStatusRequest.h">
      <Filter>Message\Headers\fix50sp2</Filter>
    </ClInclude>
    <ClInclude Include="fix50sp2\SecurityTypeRequest.h">
      <Filter>Message\Headers\fix50sp2</Filter>
    </ClInclude>
    <ClInclude Include="fix50sp2\SecurityTypes.h">
      <Filter>Message\Headers\fix50sp2</Filter>
    </ClInclude>
    <ClInclude Include="fix50sp2\SettlementInstructionRequest.h">
      <Filter>Message\Headers\fix50sp2</Filter>
    </ClInclude>
    <ClInclude Include="fix50sp2\SettlementInstructions.h">
      <Filter>Message\Headers\fix50sp2</Filter>
    </ClInclude>
    <ClInclude Include="fix50sp2\SettlementObligationReport.h">
      <Filter>Message\Headers\fix50sp2</Filter>
    </ClInclude>
    <ClInclude Include="fix50sp2\StreamAssignmentReport.h">
      <Filter>Message\Headers\fix50sp2</Filter>
    </ClInclude>
    <ClInclude Include="fix50sp2\StreamAssignmentReportACK.h">
      <Filter>Message\Headers\fix50sp2</Filter>
    </ClInclude>
    <ClInclude Include="fix50sp2\StreamAssignmentRequest.h">
      <Filter>Message\Headers\fix50sp2</Filter>
    </ClInclude>
    <ClInclude Include="fix50sp2\TradeCaptureReport.h">
      <Filter>Message\Headers\fix50sp2</Filter>
    </ClInclude>
    <ClInclude Include="fix50sp2\TradeCaptureReportAck.h">
      <Filter>Message\Headers\fix50sp2</Filter>
    </ClInclude>
    <ClInclude Include="fix50sp2\TradeCaptureReportRequest.h">
      <Filter>Message\Headers\fix50sp2</Filter>
    </ClInclude>
    <ClInclude Include="fix50sp2\TradeCaptureReportRequestAck.h">
      <Filter>Message\Headers\fix50sp2</Filter>
    </ClInclude>
    <ClInclude Include="fix50sp2\TradingSessionList.h">
      <Filter>Message\Headers\fix50sp2</Filter>
    </ClInclude>
    <ClInclude Include="fix50sp2\TradingSessionListRequest.h">
      <Filter>Message\Headers\fix50sp2</Filter>
    </ClInclude>
    <ClInclude Include="fix50sp2\TradingSessionListUpdateReport.h">
      <Filter>Message\Headers\fix50sp2</Filter>
    </ClInclude>
    <ClInclude Include="fix50sp2\TradingSessionStatus.h">
      <Filter>Message\Headers\fix50sp2</Filter>
    </ClInclude>
    <ClInclude Include="fix50sp2\TradingSessionStatusRequest.h">
      <Filter>Message\Headers\fix50sp2</Filter>
    </ClInclude>
    <ClInclude Include="fix50sp2\UserNotification.h">
      <Filter>Message\Headers\fix50sp2</Filter>
    </ClInclude>
    <ClInclude Include="fix50sp2\UserRequest.h">
      <Filter>Message\Headers\fix50sp2</Filter>
    </ClInclude>
    <ClInclude Include="fix50sp2\UserResponse.h">
      <Filter>Message\Headers\fix50sp2</Filter>
    </ClInclude>
    <ClInclude Include="fixt11\Heartbeat.h">
      <Filter>Message\Headers\fixt11</Filter>
    </ClInclude>
    <ClInclude Include="fixt11\Logon.h">
      <Filter>Message\Headers\fixt11</Filter>
    </ClInclude>
    <ClInclude Include="fixt11\Logout.h">
      <Filter>Message\Headers\fixt11</Filter>
    </ClInclude>
    <ClInclude Include="fixt11\Message.h">
      <Filter>Message\Headers\fixt11</Filter>
    </ClInclude>
    <ClInclude Include="fixt11\MessageCracker.h">
      <Filter>Message\Headers\fixt11</Filter>
    </ClInclude>
    <ClInclude Include="fixt11\Reject.h">
      <Filter>Message\Headers\fixt11</Filter>
    </ClInclude>
    <ClInclude Include="fixt11\ResendRequest.h">
      <Filter>Message\Headers\fixt11</Filter>
    </ClInclude>
    <ClInclude Include="fixt11\SequenceReset.h">
      <Filter>Message\Headers\fixt11</Filter>
    </ClInclude>
    <ClInclude Include="fixt11\TestRequest.h">
      <Filter>Message\Headers\fixt11</Filter>
    </ClInclude>
    <ClInclude Include="Field.h">
      <Filter>Field\Headers</Filter>
    </ClInclude>
    <ClInclude Include="FieldConvertors.h">
      <Filter>Field\Headers</Filter>
    </ClInclude>
    <ClInclude Include="FieldMap.h">
      <Filter>Field\Headers</Filter>
    </ClInclude>
    <ClInclude Include="FieldNumbers.h">
      <Filter>Field\Headers</Filter>
    </ClInclude>
    <ClInclude Include="Fields.h">
      <Filter>Field\Headers</Filter>
    </ClInclude>
    <ClInclude Include="FieldTypes.h">
      <Filter>Field\Headers</Filter>
    </ClInclude>
    <ClInclude Include="FixFieldNumbers.h">
      <Filter>Field\Headers</Filter>
    </ClInclude>
    <ClInclude Include="FixFields.h">
      <Filter>Field\Headers</Filter>
    </ClInclude>
    <ClInclude Include="FixValues.h">
      <Filter>Field\Headers</Filter>
    </ClInclude>
    <ClInclude Include="Values.h">
      <Filter>Field\Headers</Filter>
    </ClInclude>
    <ClInclude Include="DataDictionary.h">
      <Filter>Message\Headers</Filter>
    </ClInclude>
    <ClInclude Include="DataDictionaryProvider.h">
      <Filter>Message\Headers</Filter>
    </ClInclude>
    <ClInclude Include="Group.h">
      <Filter>Message\Headers</Filter>
    </ClInclude>
    <ClInclude Include="Message.h">
      <Filter>Message\Headers</Filter>
    </ClInclude>
    <ClInclude Include="MessageCracker.h">
      <Filter>Message\Headers</Filter>
    </ClInclude>
    <ClInclude Include="MessageSorters.h">
      <Filter>Message\Headers</Filter>
    </ClInclude>
    <ClInclude Include="SocketAcceptor.h">
      <Filter>Socket\Headers</Filter>
    </ClInclude>
    <ClInclude Include="SocketConnection.h">
      <Filter>Socket\Headers</Filter>
    </ClInclude>
    <ClInclude Include="SocketConnector.h">
      <Filter>Socket\Headers</Filter>
    </ClInclude>
    <ClInclude Include="SocketInitiator.h">
      <Filter>Socket\Headers</Filter>
    </ClInclude>
    <ClInclude Include="SocketMonitor.h">
      <Filter>Socket\Headers</Filter>
    </ClInclude>
    <ClInclude Include="SocketServer.h">
      <Filter>Socket\Headers</Filter>
    </ClInclude>
    <ClInclude Include="HttpConnection.h">
      <Filter>Socket\Headers</Filter>
    </ClInclude>
    <ClInclude Include="HttpMessage.h">
      <Filter>Socket\Headers</Filter>
    </ClInclude>
    <ClInclude Include="HttpParser.h">
      <Filter>Socket\Headers</Filter>
    </ClInclude>
    <ClInclude Include="HttpServer.h">
      <Filter>Socket\Headers</Filter>
    </ClInclude>
    <ClInclude Include="ThreadedSocketAcceptor.h">
      <Filter>Socket\Headers</Filter>
    </ClInclude>
    <ClInclude Include="ThreadedSocketConnection.h">
      <Filter>Socket\Headers</Filter>
    </ClInclude>
    <ClInclude Include="ThreadedSocketInitiator.h">
      <Filter>Socket\Headers</Filter>
    </ClInclude>
    <ClInclude Include="DatabaseConnectionID.h">
      <Filter>Storage\Headers</Filter>
    </ClInclude>
    <ClInclude Include="DatabaseConnectionPool.h">
      <Filter>Storage\Headers</Filter>
    </ClInclude>
    <ClInclude Include="FileLog.h">
      <Filter>Storage\Headers</Filter>
    </ClInclude>
    <ClInclude Include="FileStore.h">
      <Filter>Storage\Headers</Filter>
    </ClInclude>
    <ClInclude Include="Log.h">
      <Filter>Storage\Headers</Filter>
    </ClInclude>
    <ClInclude Include="MessageStore.h">
      <Filter>Storage\Headers</Filter>
    </ClInclude>
    <ClInclude Include="MySQLConnection.h">
      <Filter>Storage\Headers</Filter>
    </ClInclude>
    <ClInclude Include="MySQLLog.h">
      <Filter>Storage\Headers</Filter>
    </ClInclude>
    <ClInclude Include="MySQLStore.h">
      <Filter>Storage\Headers</Filter>
    </ClInclude>
    <ClInclude Include="NullStore.h">
      <Filter>Storage\Headers</Filter>
    </ClInclude>
    <ClInclude Include="OdbcConnection.h">
      <Filter>Storage\Headers</Filter>
    </ClInclude>
    <ClInclude Include="OdbcLog.h">
      <Filter>Storage\Headers</Filter>
    </ClInclude>
    <ClInclude Include="OdbcStore.h">
      <Filter>Storage\Headers</Filter>
    </ClInclude>
    <ClInclude Include="PostgreSQLConnection.h">
      <Filter>Storage\Headers</Filter>
    </ClInclude>
    <ClInclude Include="PostgreSQLLog.h">
      <Filter>Storage\Headers</Filter>
    </ClInclude>
    <ClInclude Include="PostgreSQLStore.h">
      <Filter>Storage\Headers</Filter>
    </ClInclude>
    <ClInclude Include="Application.h">
      <Filter>Headers</Filter>
    </ClInclude>
    <ClInclude Include="AtomicCount.h">
      <Filter>Headers</Filter>
    </ClInclude>
    <ClInclude Include="Dictionary.h">
      <Filter>Headers</Filter>
    </ClInclude>
    <ClInclude Include="DOMDocument.h">
      <Filter>Headers</Filter>
    </ClInclude>
    <ClInclude Include="Event.h">
      <Filter>Headers</Filter>
    </ClInclude>
    <ClInclude Include="Exceptions.h">
      <Filter>Headers</Filter>
    </ClInclude>
    <ClInclude Include="FlexLexer.h">
      <Filter>Headers</Filter>
    </ClInclude>
    <ClInclude Include="Initiator.h">
      <Filter>Headers</Filter>
    </ClInclude>
    <ClInclude Include="Mutex.h">
      <Filter>Headers</Filter>
    </ClInclude>
    <ClInclude Include="Parser.h">
      <Filter>Headers</Filter>
    </ClInclude>
    <ClInclude Include="Queue.h">
      <Filter>Headers</Filter>
    </ClInclude>
    <ClInclude Include="Responder.h">
      <Filter>Headers</Filter>
    </ClInclude>
    <ClInclude Include="Session.h">
      <Filter>Headers</Filter>
    </ClInclude>
    <ClInclude Include="SessionFactory.h">
      <Filter>Headers</Filter>
    </ClInclude>
    <ClInclude Include="SessionID.h">
      <Filter>Headers</Filter>
    </ClInclude>
    <ClInclude Include="SessionSettings.h">
      <Filter>Headers</Filter>
    </ClInclude>
    <ClInclude Include="SessionState.h">
      <Filter>Headers</Filter>
    </ClInclude>
    <ClInclude Include="Settings.h">
      <Filter>Headers</Filter>
    </ClInclude>
    <ClInclude Include="SharedArray.h">
      <Filter>Headers</Filter>
    </ClInclude>
    <ClInclude Include="strptime.h">
      <Filter>Headers</Filter>
    </ClInclude>
    <ClInclude Include="TimeRange.h">
      <Filter>Headers</Filter>
    </ClInclude>
    <ClInclude Include="Utility.h">
      <Filter>Headers</Filter>
    </ClInclude>
    <ClInclude Include="..\config_windows.h" />
    <ClInclude Include="..\stdafx.h" />
    <ClInclude Include="pugiconfig.hpp">
      <Filter>Headers</Filter>
    </ClInclude>
    <ClInclude Include="pugixml.hpp">
      <Filter>Headers</Filter>
    </ClInclude>
    <ClInclude Include="PUGIXML_DOMDocument.h">
      <Filter>Headers</Filter>
    </ClInclude>
  </ItemGroup>
  <ItemGroup>
    <Filter Include="Field">
      <UniqueIdentifier>{8b103dc3-b419-49e1-b75d-de0a8ead8174}</UniqueIdentifier>
    </Filter>
    <Filter Include="Message">
      <UniqueIdentifier>{3c2a7a06-b679-44c1-bad9-eb2dd9d3cd69}</UniqueIdentifier>
    </Filter>
    <Filter Include="Headers">
      <UniqueIdentifier>{242831fe-d87b-48ae-a12c-647459929cb0}</UniqueIdentifier>
    </Filter>
    <Filter Include="Field\Headers">
      <UniqueIdentifier>{bef98be4-8c99-420b-a1c4-b819bae0b31d}</UniqueIdentifier>
    </Filter>
    <Filter Include="Field\Source">
      <UniqueIdentifier>{a7ec0f51-981a-4eb9-bed2-bf4b88d8c718}</UniqueIdentifier>
    </Filter>
    <Filter Include="Message\Headers">
      <UniqueIdentifier>{01b9b8e6-beb8-4a45-a380-805852305c96}</UniqueIdentifier>
    </Filter>
    <Filter Include="Message\Source">
      <UniqueIdentifier>{deda998f-764b-47a7-ae69-54405ee53b3d}</UniqueIdentifier>
    </Filter>
    <Filter Include="Message\Headers\fix40">
      <UniqueIdentifier>{00683e20-789b-4c6b-99ce-62a2a7a2a019}</UniqueIdentifier>
    </Filter>
    <Filter Include="Message\Headers\fix41">
      <UniqueIdentifier>{e3a6f233-a2e8-4d8c-ae98-34833c357d78}</UniqueIdentifier>
    </Filter>
    <Filter Include="Message\Headers\fix42">
      <UniqueIdentifier>{fa482e42-bcc5-40b8-800b-9072752b4b51}</UniqueIdentifier>
    </Filter>
    <Filter Include="Message\Headers\fix43">
      <UniqueIdentifier>{73e30364-82ef-477f-99fe-56c551f988d9}</UniqueIdentifier>
    </Filter>
    <Filter Include="Message\Headers\fix44">
      <UniqueIdentifier>{245bea46-46a4-45d0-b5c8-ad3cd9d01e56}</UniqueIdentifier>
    </Filter>
    <Filter Include="Message\Headers\fix50">
      <UniqueIdentifier>{be72cf87-3b23-4077-9a04-39175e8b6f88}</UniqueIdentifier>
    </Filter>
    <Filter Include="Message\Headers\fix50sp1">
      <UniqueIdentifier>{4e4face4-e79c-4188-bae2-078a9ba77863}</UniqueIdentifier>
    </Filter>
    <Filter Include="Message\Headers\fix50sp2">
      <UniqueIdentifier>{9005c000-0848-4e12-b3cf-414a55458e68}</UniqueIdentifier>
    </Filter>
    <Filter Include="Message\Headers\fixt11">
      <UniqueIdentifier>{9a03146e-e0ff-4743-aa01-68543ed8e3b0}</UniqueIdentifier>
    </Filter>
    <Filter Include="Socket">
      <UniqueIdentifier>{75a2d869-1008-40bd-863b-e6f82e74c9b9}</UniqueIdentifier>
    </Filter>
    <Filter Include="Socket\Headers">
      <UniqueIdentifier>{0a592bf4-b04d-462f-9265-58858645f547}</UniqueIdentifier>
    </Filter>
    <Filter Include="Socket\Source">
      <UniqueIdentifier>{da5f9395-c8d7-438f-8c83-ecdd0d3409b8}</UniqueIdentifier>
    </Filter>
    <Filter Include="Storage">
      <UniqueIdentifier>{ab1f2dd4-2d7e-44c7-b65c-2b80c6b2706a}</UniqueIdentifier>
    </Filter>
    <Filter Include="Storage\Headers">
      <UniqueIdentifier>{c439a92a-3c3a-4ce4-abab-b882f0725d1f}</UniqueIdentifier>
    </Filter>
    <Filter Include="Storage\Source">
      <UniqueIdentifier>{95875e69-d7d5-4a70-bd6c-6662357ae3fc}</UniqueIdentifier>
    </Filter>
    <Filter Include="Source">
      <UniqueIdentifier>{15846a7c-944c-49c3-b70d-07d2326ee719}</UniqueIdentifier>
    </Filter>
  </ItemGroup>
  <ItemGroup>
    <ClCompile Include="FieldMap.cpp">
      <Filter>Field\Source</Filter>
    </ClCompile>
    <ClCompile Include="FieldTypes.cpp">
      <Filter>Field\Source</Filter>
    </ClCompile>
    <ClCompile Include="DataDictionary.cpp">
      <Filter>Message\Source</Filter>
    </ClCompile>
    <ClCompile Include="DataDictionaryProvider.cpp">
      <Filter>Message\Source</Filter>
    </ClCompile>
    <ClCompile Include="Group.cpp">
      <Filter>Message\Source</Filter>
    </ClCompile>
    <ClCompile Include="Message.cpp">
      <Filter>Message\Source</Filter>
    </ClCompile>
    <ClCompile Include="MessageSorters.cpp">
      <Filter>Message\Source</Filter>
    </ClCompile>
    <ClCompile Include="SocketAcceptor.cpp">
      <Filter>Socket\Source</Filter>
    </ClCompile>
    <ClCompile Include="SocketConnection.cpp">
      <Filter>Socket\Source</Filter>
    </ClCompile>
    <ClCompile Include="SocketConnector.cpp">
      <Filter>Socket\Source</Filter>
    </ClCompile>
    <ClCompile Include="SocketInitiator.cpp">
      <Filter>Socket\Source</Filter>
    </ClCompile>
    <ClCompile Include="SocketMonitor.cpp">
      <Filter>Socket\Source</Filter>
    </ClCompile>
    <ClCompile Include="SocketServer.cpp">
      <Filter>Socket\Source</Filter>
    </ClCompile>
    <ClCompile Include="HttpConnection.cpp">
      <Filter>Socket\Source</Filter>
    </ClCompile>
    <ClCompile Include="HttpMessage.cpp">
      <Filter>Socket\Source</Filter>
    </ClCompile>
    <ClCompile Include="HttpParser.cpp">
      <Filter>Socket\Source</Filter>
    </ClCompile>
    <ClCompile Include="HttpServer.cpp">
      <Filter>Socket\Source</Filter>
    </ClCompile>
    <ClCompile Include="ThreadedSocketAcceptor.cpp">
      <Filter>Socket\Source</Filter>
    </ClCompile>
    <ClCompile Include="ThreadedSocketConnection.cpp">
      <Filter>Socket\Source</Filter>
    </ClCompile>
    <ClCompile Include="ThreadedSocketInitiator.cpp">
      <Filter>Socket\Source</Filter>
    </ClCompile>
    <ClCompile Include="MySQLLog.cpp">
      <Filter>Storage\Source</Filter>
    </ClCompile>
    <ClCompile Include="MySQLStore.cpp">
      <Filter>Storage\Source</Filter>
    </ClCompile>
    <ClCompile Include="FileLog.cpp">
      <Filter>Storage\Source</Filter>
    </ClCompile>
    <ClCompile Include="FileStore.cpp">
      <Filter>Storage\Source</Filter>
    </ClCompile>
    <ClCompile Include="Log.cpp">
      <Filter>Storage\Source</Filter>
    </ClCompile>
    <ClCompile Include="MessageStore.cpp">
      <Filter>Storage\Source</Filter>
    </ClCompile>
    <ClCompile Include="NullStore.cpp">
      <Filter>Storage\Source</Filter>
    </ClCompile>
    <ClCompile Include="OdbcLog.cpp">
      <Filter>Storage\Source</Filter>
    </ClCompile>
    <ClCompile Include="OdbcStore.cpp">
      <Filter>Storage\Source</Filter>
    </ClCompile>
    <ClCompile Include="PostgreSQLLog.cpp">
      <Filter>Storage\Source</Filter>
    </ClCompile>
    <ClCompile Include="PostgreSQLStore.cpp">
      <Filter>Storage\Source</Filter>
    </ClCompile>
    <ClCompile Include="Acceptor.cpp">
      <Filter>Source</Filter>
    </ClCompile>
    <ClCompile Include="Dictionary.cpp">
      <Filter>Source</Filter>
    </ClCompile>
    <ClCompile Include="Initiator.cpp">
      <Filter>Source</Filter>
    </ClCompile>
    <ClCompile Include="Parser.cpp">
      <Filter>Source</Filter>
    </ClCompile>
    <ClCompile Include="Session.cpp">
      <Filter>Source</Filter>
    </ClCompile>
    <ClCompile Include="SessionFactory.cpp">
      <Filter>Source</Filter>
    </ClCompile>
    <ClCompile Include="SessionSettings.cpp">
      <Filter>Source</Filter>
    </ClCompile>
    <ClCompile Include="Settings.cpp">
      <Filter>Source</Filter>
    </ClCompile>
    <ClCompile Include="TimeRange.cpp">
      <Filter>Source</Filter>
    </ClCompile>
    <ClCompile Include="Utility.cpp">
      <Filter>Source</Filter>
    </ClCompile>
    <ClCompile Include="strptime.c" />
    <ClCompile Include="pugixml.cpp">
      <Filter>Source</Filter>
    </ClCompile>
    <ClCompile Include="PUGIXML_DOMDocument.cpp">
      <Filter>Source</Filter>
    </ClCompile>
  </ItemGroup>
</Project>