Microsoft Visual Studio Solution File, Format Version 8.00
Project("{8BC9CEB8-8B4A-11D0-8D11-00A0C91BC942}") = "quickfix_vs7", "src\C++\quickfix_vs7.vcproj", "{D5D558EA-BBAC-4862-A946-D3881BACE3B7}"
	ProjectSection(ProjectDependencies) = postProject
	EndProjectSection
EndProject
Project("{8BC9CEB8-8B4A-11D0-8D11-00A0C91BC942}") = "quickfix_net_vs7", "src\.NET\quickfix_net_vs7.vcproj", "{FCE44FC5-2E80-4F7B-A11F-2974C0FAFC8C}"
	ProjectSection(ProjectDependencies) = postProject
		{D5D558EA-BBAC-4862-A946-D3881BACE3B7} = {D5D558EA-BBAC-4862-A946-D3881BACE3B7}
	EndProjectSection
EndProject
Project("{8BC9CEB8-8B4A-11D0-8D11-00A0C91BC942}") = "test_unit_vs7", "src\test_unit_vs7.vcproj", "{CD58A1FF-0F7A-4490-B9B4-944326C48A5A}"
	ProjectSection(ProjectDependencies) = postProject
		{7E5DD804-EC63-4FA5-BB6D-53DA86806EF5} = {7E5DD804-EC63-4FA5-BB6D-53DA86806EF5}
		{D5D558EA-BBAC-4862-A946-D3881BACE3B7} = {D5D558EA-BBAC-4862-A946-D3881BACE3B7}
	EndProjectSection
EndProject
Project("{8BC9CEB8-8B4A-11D0-8D11-00A0C91BC942}") = "test_acceptance_vs7", "src\test_acceptance_vs7.vcproj", "{63CC102A-A3CD-43CC-9535-A91E67256360}"
	ProjectSection(ProjectDependencies) = postProject
		{D5D558EA-BBAC-4862-A946-D3881BACE3B7} = {D5D558EA-BBAC-4862-A946-D3881BACE3B7}
	EndProjectSection
EndProject
Project("{8BC9CEB8-8B4A-11D0-8D11-00A0C91BC942}") = "test_performance_vs7", "src\test_performance_vs7.vcproj", "{4E6CE474-47A1-4AC8-8161-9CD214664EBB}"
	ProjectSection(ProjectDependencies) = postProject
		{D5D558EA-BBAC-4862-A946-D3881BACE3B7} = {D5D558EA-BBAC-4862-A946-D3881BACE3B7}
	EndProjectSection
EndProject
Project("{8BC9CEB8-8B4A-11D0-8D11-00A0C91BC942}") = "example_executor_cpp_vs7", "examples\executor\C++\example_executor_cpp_vs7.vcproj", "{AC97D259-3231-4575-8CA5-BF9EF79B5A87}"
	ProjectSection(ProjectDependencies) = postProject
		{D5D558EA-BBAC-4862-A946-D3881BACE3B7} = {D5D558EA-BBAC-4862-A946-D3881BACE3B7}
	EndProjectSection
EndProject
Project("{8BC9CEB8-8B4A-11D0-8D11-00A0C91BC942}") = "example_ordermatch_vs7", "examples\ordermatch\example_ordermatch_vs7.vcproj", "{CBFECC67-2F3D-49F9-8450-BF47FBB766DF}"
	ProjectSection(ProjectDependencies) = postProject
		{D5D558EA-BBAC-4862-A946-D3881BACE3B7} = {D5D558EA-BBAC-4862-A946-D3881BACE3B7}
	EndProjectSection
EndProject
Project("{8BC9CEB8-8B4A-11D0-8D11-00A0C91BC942}") = "test_acceptance_runner_vs7", "test\atrun\test_acceptance_runner_vs7.vcproj", "{A58C8BD5-3602-4886-80A0-CD4FFED42144}"
	ProjectSection(ProjectDependencies) = postProject
		{7E5DD804-EC63-4FA5-BB6D-53DA86806EF5} = {7E5DD804-EC63-4FA5-BB6D-53DA86806EF5}
	EndProjectSection
EndProject
Project("{8BC9CEB8-8B4A-11D0-8D11-00A0C91BC942}") = "example_tradeclient_vs7", "examples\tradeclient\example_tradeclient_vs7.vcproj", "{760375AB-01FD-4E38-A778-FAA2A27F8C41}"
	ProjectSection(ProjectDependencies) = postProject
		{D5D558EA-BBAC-4862-A946-D3881BACE3B7} = {D5D558EA-BBAC-4862-A946-D3881BACE3B7}
	EndProjectSection
EndProject
Project("{FAE04EC0-301F-11D3-BF4B-00C04F79EFBC}") = "quickfix_net_messages_vs7", "src\.NET\quickfix_net_messages_vs7.csproj", "{30A02EEB-AF70-4B20-8B97-0AFF2485EFB9}"
	ProjectSection(ProjectDependencies) = postProject
	EndProjectSection
EndProject
Project("{FAE04EC0-301F-11D3-BF4B-00C04F79EFBC}") = "example_executor_csharp_vs7", "examples\executor\csharp\example_executor_csharp_vs7.csproj", "{BA234002-9F1A-4B01-98D6-DE05C7E78B58}"
	ProjectSection(ProjectDependencies) = postProject
	EndProjectSection
EndProject
Project("{F184B08F-C81C-45F6-A57F-5ABD9991F28F}") = "example_executor_vbnet_vs7", "examples\executor\vbnet\example_executor_vbnet_vs7.vbproj", "{DA675460-F6E5-458C-BCEB-45B2986C90FC}"
	ProjectSection(ProjectDependencies) = postProject
	EndProjectSection
EndProject
Project("{8BC9CEB8-8B4A-11D0-8D11-00A0C91BC942}") = "UnitTest++.vsnet2003", "UnitTest++\UnitTest++.vsnet2003.vcproj", "{7E5DD804-EC63-4FA5-BB6D-53DA86806EF5}"
	ProjectSection(ProjectDependencies) = postProject
	EndProjectSection
EndProject
Project("{FAE04EC0-301F-11D3-BF4B-00C04F79EFBC}") = "test_acceptance_net_vs7", "src\test_acceptance_net_vs7.csproj", "{49CDD4F8-96E0-4EBA-844F-E9AF580D7247}"
	ProjectSection(ProjectDependencies) = postProject
	EndProjectSection
EndProject
Project("{FAE04EC0-301F-11D3-BF4B-00C04F79EFBC}") = "test_performance_net_vs7", "src\test_performance_net_vs7.csproj", "{F63B434A-8E9A-4673-A6C4-F96F3492BF80}"
	ProjectSection(ProjectDependencies) = postProject
	EndProjectSection
EndProject
Global
	GlobalSection(SolutionConfiguration) = preSolution
		Debug = Debug
		Release = Release
	EndGlobalSection
	GlobalSection(ProjectConfiguration) = postSolution
		{D5D558EA-BBAC-4862-A946-D3881BACE3B7}.Debug.ActiveCfg = Debug|Win32
		{D5D558EA-BBAC-4862-A946-D3881BACE3B7}.Debug.Build.0 = Debug|Win32
		{D5D558EA-BBAC-4862-A946-D3881BACE3B7}.Release.ActiveCfg = Release|Win32
		{D5D558EA-BBAC-4862-A946-D3881BACE3B7}.Release.Build.0 = Release|Win32
		{FCE44FC5-2E80-4F7B-A11F-2974C0FAFC8C}.Debug.ActiveCfg = Debug|Win32
		{FCE44FC5-2E80-4F7B-A11F-2974C0FAFC8C}.Debug.Build.0 = Debug|Win32
		{FCE44FC5-2E80-4F7B-A11F-2974C0FAFC8C}.Release.ActiveCfg = Release|Win32
		{FCE44FC5-2E80-4F7B-A11F-2974C0FAFC8C}.Release.Build.0 = Release|Win32
		{CD58A1FF-0F7A-4490-B9B4-944326C48A5A}.Debug.ActiveCfg = Debug|Win32
		{CD58A1FF-0F7A-4490-B9B4-944326C48A5A}.Debug.Build.0 = Debug|Win32
		{CD58A1FF-0F7A-4490-B9B4-944326C48A5A}.Release.ActiveCfg = Release|Win32
		{CD58A1FF-0F7A-4490-B9B4-944326C48A5A}.Release.Build.0 = Release|Win32
		{63CC102A-A3CD-43CC-9535-A91E67256360}.Debug.ActiveCfg = Debug|Win32
		{63CC102A-A3CD-43CC-9535-A91E67256360}.Debug.Build.0 = Debug|Win32
		{63CC102A-A3CD-43CC-9535-A91E67256360}.Release.ActiveCfg = Release|Win32
		{63CC102A-A3CD-43CC-9535-A91E67256360}.Release.Build.0 = Release|Win32
		{4E6CE474-47A1-4AC8-8161-9CD214664EBB}.Debug.ActiveCfg = Debug|Win32
		{4E6CE474-47A1-4AC8-8161-9CD214664EBB}.Debug.Build.0 = Debug|Win32
		{4E6CE474-47A1-4AC8-8161-9CD214664EBB}.Release.ActiveCfg = Release|Win32
		{4E6CE474-47A1-4AC8-8161-9CD214664EBB}.Release.Build.0 = Release|Win32
		{AC97D259-3231-4575-8CA5-BF9EF79B5A87}.Debug.ActiveCfg = Debug|Win32
		{AC97D259-3231-4575-8CA5-BF9EF79B5A87}.Debug.Build.0 = Debug|Win32
		{AC97D259-3231-4575-8CA5-BF9EF79B5A87}.Release.ActiveCfg = Release|Win32
		{AC97D259-3231-4575-8CA5-BF9EF79B5A87}.Release.Build.0 = Release|Win32
		{CBFECC67-2F3D-49F9-8450-BF47FBB766DF}.Debug.ActiveCfg = Debug|Win32
		{CBFECC67-2F3D-49F9-8450-BF47FBB766DF}.Debug.Build.0 = Debug|Win32
		{CBFECC67-2F3D-49F9-8450-BF47FBB766DF}.Release.ActiveCfg = Release|Win32
		{CBFECC67-2F3D-49F9-8450-BF47FBB766DF}.Release.Build.0 = Release|Win32
		{A58C8BD5-3602-4886-80A0-CD4FFED42144}.Debug.ActiveCfg = Debug|Win32
		{A58C8BD5-3602-4886-80A0-CD4FFED42144}.Debug.Build.0 = Debug|Win32
		{A58C8BD5-3602-4886-80A0-CD4FFED42144}.Release.ActiveCfg = Release|Win32
		{A58C8BD5-3602-4886-80A0-CD4FFED42144}.Release.Build.0 = Release|Win32
		{760375AB-01FD-4E38-A778-FAA2A27F8C41}.Debug.ActiveCfg = Debug|Win32
		{760375AB-01FD-4E38-A778-FAA2A27F8C41}.Debug.Build.0 = Debug|Win32
		{760375AB-01FD-4E38-A778-FAA2A27F8C41}.Release.ActiveCfg = Release|Win32
		{760375AB-01FD-4E38-A778-FAA2A27F8C41}.Release.Build.0 = Release|Win32
		{30A02EEB-AF70-4B20-8B97-0AFF2485EFB9}.Debug.ActiveCfg = Debug|.NET
		{30A02EEB-AF70-4B20-8B97-0AFF2485EFB9}.Debug.Build.0 = Debug|.NET
		{30A02EEB-AF70-4B20-8B97-0AFF2485EFB9}.Release.ActiveCfg = Release|.NET
		{30A02EEB-AF70-4B20-8B97-0AFF2485EFB9}.Release.Build.0 = Release|.NET
		{BA234002-9F1A-4B01-98D6-DE05C7E78B58}.Debug.ActiveCfg = Debug|.NET
		{BA234002-9F1A-4B01-98D6-DE05C7E78B58}.Debug.Build.0 = Debug|.NET
		{BA234002-9F1A-4B01-98D6-DE05C7E78B58}.Release.ActiveCfg = Release|.NET
		{BA234002-9F1A-4B01-98D6-DE05C7E78B58}.Release.Build.0 = Release|.NET
		{DA675460-F6E5-458C-BCEB-45B2986C90FC}.Debug.ActiveCfg = Debug|.NET
		{DA675460-F6E5-458C-BCEB-45B2986C90FC}.Debug.Build.0 = Debug|.NET
		{DA675460-F6E5-458C-BCEB-45B2986C90FC}.Release.ActiveCfg = Release|.NET
		{DA675460-F6E5-458C-BCEB-45B2986C90FC}.Release.Build.0 = Release|.NET
		{7E5DD804-EC63-4FA5-BB6D-53DA86806EF5}.Debug.ActiveCfg = Debug|Win32
		{7E5DD804-EC63-4FA5-BB6D-53DA86806EF5}.Debug.Build.0 = Debug|Win32
		{7E5DD804-EC63-4FA5-BB6D-53DA86806EF5}.Release.ActiveCfg = Release|Win32
		{7E5DD804-EC63-4FA5-BB6D-53DA86806EF5}.Release.Build.0 = Release|Win32
		{49CDD4F8-96E0-4EBA-844F-E9AF580D7247}.Debug.ActiveCfg = Debug|.NET
		{49CDD4F8-96E0-4EBA-844F-E9AF580D7247}.Debug.Build.0 = Debug|.NET
		{49CDD4F8-96E0-4EBA-844F-E9AF580D7247}.Release.ActiveCfg = Release|.NET
		{49CDD4F8-96E0-4EBA-844F-E9AF580D7247}.Release.Build.0 = Release|.NET
		{F63B434A-8E9A-4673-A6C4-F96F3492BF80}.Debug.ActiveCfg = Debug|.NET
		{F63B434A-8E9A-4673-A6C4-F96F3492BF80}.Debug.Build.0 = Debug|.NET
		{F63B434A-8E9A-4673-A6C4-F96F3492BF80}.Release.ActiveCfg = Release|.NET
		{F63B434A-8E9A-4673-A6C4-F96F3492BF80}.Release.Build.0 = Release|.NET
	EndGlobalSection
	GlobalSection(ExtensibilityGlobals) = postSolution
	EndGlobalSection
	GlobalSection(ExtensibilityAddIns) = postSolution
	EndGlobalSection
EndGlobal
