Microsoft Visual Studio Solution File, Format Version 11.00
# Visual Studio 2010
Project("{FAE04EC0-301F-11D3-BF4B-00C04F79EFBC}") = "quickfix_net_messages_vs10", "src\.NET\quickfix_net_messages_vs10.csproj", "{30A02EEB-AF70-4B20-8B97-0AFF2485EFB9}"
	ProjectSection(ProjectDependencies) = postProject
		{FCE44FC5-2E80-4F7B-A11F-2974C0FAFC8C} = {FCE44FC5-2E80-4F7B-A11F-2974C0FAFC8C}
		{D5D558EA-BBAC-4862-A946-D3881BACE3B7} = {D5D558EA-BBAC-4862-A946-D3881BACE3B7}
	EndProjectSection
EndProject
Project("{FAE04EC0-301F-11D3-BF4B-00C04F79EFBC}") = "example_executor_csharp_vs10", "examples\executor\csharp\example_executor_csharp_vs10.csproj", "{BA234002-9F1A-4B01-98D6-DE05C7E78B58}"
	ProjectSection(ProjectDependencies) = postProject
		{FCE44FC5-2E80-4F7B-A11F-2974C0FAFC8C} = {FCE44FC5-2E80-4F7B-A11F-2974C0FAFC8C}
		{30A02EEB-AF70-4B20-8B97-0AFF2485EFB9} = {30A02EEB-AF70-4B20-8B97-0AFF2485EFB9}
	EndProjectSection
EndProject
Project("{F184B08F-C81C-45F6-A57F-5ABD9991F28F}") = "example_executor_vbnet_vs10", "examples\executor\vbnet\example_executor_vbnet_vs10.vbproj", "{DA675460-F6E5-458C-BCEB-45B2986C90FC}"
	ProjectSection(ProjectDependencies) = postProject
		{FCE44FC5-2E80-4F7B-A11F-2974C0FAFC8C} = {FCE44FC5-2E80-4F7B-A11F-2974C0FAFC8C}
		{30A02EEB-AF70-4B20-8B97-0AFF2485EFB9} = {30A02EEB-AF70-4B20-8B97-0AFF2485EFB9}
	EndProjectSection
EndProject
Project("{8BC9CEB8-8B4A-11D0-8D11-00A0C91BC942}") = "example_executor_cpp_vs10", "examples\executor\C++\example_executor_cpp_vs10.vcxproj", "{AC97D259-3231-4575-8CA5-BF9EF79B5A87}"
EndProject
Project("{8BC9CEB8-8B4A-11D0-8D11-00A0C91BC942}") = "example_ordermatch_vs10", "examples\ordermatch\example_ordermatch_vs10.vcxproj", "{CBFECC67-2F3D-49F9-8450-BF47FBB766DF}"
EndProject
Project("{8BC9CEB8-8B4A-11D0-8D11-00A0C91BC942}") = "example_tradeclient_vs10", "examples\tradeclient\example_tradeclient_vs10.vcxproj", "{760375AB-01FD-4E38-A778-FAA2A27F8C41}"
EndProject
Project("{8BC9CEB8-8B4A-11D0-8D11-00A0C91BC942}") = "quickfix_net_vs10", "src\.NET\quickfix_net_vs10.vcxproj", "{FCE44FC5-2E80-4F7B-A11F-2974C0FAFC8C}"
EndProject
Project("{8BC9CEB8-8B4A-11D0-8D11-00A0C91BC942}") = "quickfix_vs10", "src\C++\quickfix_vs10.vcxproj", "{D5D558EA-BBAC-4862-A946-D3881BACE3B7}"
EndProject
Project("{8BC9CEB8-8B4A-11D0-8D11-00A0C91BC942}") = "test_acceptance_vs10", "src\test_acceptance_vs10.vcxproj", "{63CC102A-A3CD-43CC-9535-A91E67256360}"
EndProject
Project("{8BC9CEB8-8B4A-11D0-8D11-00A0C91BC942}") = "test_performance_vs10", "src\test_performance_vs10.vcxproj", "{4E6CE474-47A1-4AC8-8161-9CD214664EBB}"
EndProject
Project("{8BC9CEB8-8B4A-11D0-8D11-00A0C91BC942}") = "test_unit_vs10", "src\test_unit_vs10.vcxproj", "{CD58A1FF-0F7A-4490-B9B4-944326C48A5A}"
EndProject
Project("{8BC9CEB8-8B4A-11D0-8D11-00A0C91BC942}") = "test_acceptance_runner_vs10", "test\atrun\test_acceptance_runner_vs10.vcxproj", "{A58C8BD5-3602-4886-80A0-CD4FFED42144}"
	ProjectSection(ProjectDependencies) = postProject
		{64A4FEFE-0461-4E95-8CC1-91EF5F57DBC6} = {64A4FEFE-0461-4E95-8CC1-91EF5F57DBC6}
	EndProjectSection
EndProject
Project("{FAE04EC0-301F-11D3-BF4B-00C04F79EFBC}") = "test_performance_net_vs10", "src\test_performance_net_vs10.csproj", "{408B3028-1B7E-4CFA-802B-79C08901E88E}"
EndProject
Project("{FAE04EC0-301F-11D3-BF4B-00C04F79EFBC}") = "test_unit_net_vs10", "src\test_unit_net_vs10.csproj", "{41B1715C-D703-4383-AE28-DC542A38955F}"
EndProject
Project("{8BC9CEB8-8B4A-11D0-8D11-00A0C91BC942}") = "UnitTest++_vs10", "UnitTest++\UnitTest++_vs10.vcxproj", "{64A4FEFE-0461-4E95-8CC1-91EF5F57DBC6}"
EndProject
Project("{FAE04EC0-301F-11D3-BF4B-00C04F79EFBC}") = "test_acceptance_net_vs10", "src\test_acceptance_net_vs10.csproj", "{4B063D0D-B606-44EE-A626-B9AB4D32418C}"
EndProject
Global
	GlobalSection(SolutionConfigurationPlatforms) = preSolution
		Debug|Any CPU = Debug|Any CPU
		Debug|Mixed Platforms = Debug|Mixed Platforms
		Debug|Win32 = Debug|Win32
		Release|Any CPU = Release|Any CPU
		Release|Mixed Platforms = Release|Mixed Platforms
		Release|Win32 = Release|Win32
	EndGlobalSection
	GlobalSection(ProjectConfigurationPlatforms) = postSolution
		{30A02EEB-AF70-4B20-8B97-0AFF2485EFB9}.Debug|Any CPU.ActiveCfg = Debug|Any CPU
		{30A02EEB-AF70-4B20-8B97-0AFF2485EFB9}.Debug|Any CPU.Build.0 = Debug|Any CPU
		{30A02EEB-AF70-4B20-8B97-0AFF2485EFB9}.Debug|Mixed Platforms.ActiveCfg = Debug|Any CPU
		{30A02EEB-AF70-4B20-8B97-0AFF2485EFB9}.Debug|Mixed Platforms.Build.0 = Debug|Any CPU
		{30A02EEB-AF70-4B20-8B97-0AFF2485EFB9}.Debug|Win32.ActiveCfg = Debug|Any CPU
		{30A02EEB-AF70-4B20-8B97-0AFF2485EFB9}.Release|Any CPU.ActiveCfg = Release|Any CPU
		{30A02EEB-AF70-4B20-8B97-0AFF2485EFB9}.Release|Any CPU.Build.0 = Release|Any CPU
		{30A02EEB-AF70-4B20-8B97-0AFF2485EFB9}.Release|Mixed Platforms.ActiveCfg = Release|Any CPU
		{30A02EEB-AF70-4B20-8B97-0AFF2485EFB9}.Release|Mixed Platforms.Build.0 = Release|Any CPU
		{30A02EEB-AF70-4B20-8B97-0AFF2485EFB9}.Release|Win32.ActiveCfg = Release|Any CPU
		{BA234002-9F1A-4B01-98D6-DE05C7E78B58}.Debug|Any CPU.ActiveCfg = Debug|Any CPU
		{BA234002-9F1A-4B01-98D6-DE05C7E78B58}.Debug|Any CPU.Build.0 = Debug|Any CPU
		{BA234002-9F1A-4B01-98D6-DE05C7E78B58}.Debug|Mixed Platforms.ActiveCfg = Debug|Any CPU
		{BA234002-9F1A-4B01-98D6-DE05C7E78B58}.Debug|Mixed Platforms.Build.0 = Debug|Any CPU
		{BA234002-9F1A-4B01-98D6-DE05C7E78B58}.Debug|Win32.ActiveCfg = Debug|Any CPU
		{BA234002-9F1A-4B01-98D6-DE05C7E78B58}.Release|Any CPU.ActiveCfg = Release|Any CPU
		{BA234002-9F1A-4B01-98D6-DE05C7E78B58}.Release|Any CPU.Build.0 = Release|Any CPU
		{BA234002-9F1A-4B01-98D6-DE05C7E78B58}.Release|Mixed Platforms.ActiveCfg = Release|Any CPU
		{BA234002-9F1A-4B01-98D6-DE05C7E78B58}.Release|Mixed Platforms.Build.0 = Release|Any CPU
		{BA234002-9F1A-4B01-98D6-DE05C7E78B58}.Release|Win32.ActiveCfg = Release|Any CPU
		{DA675460-F6E5-458C-BCEB-45B2986C90FC}.Debug|Any CPU.ActiveCfg = Debug|Any CPU
		{DA675460-F6E5-458C-BCEB-45B2986C90FC}.Debug|Any CPU.Build.0 = Debug|Any CPU
		{DA675460-F6E5-458C-BCEB-45B2986C90FC}.Debug|Mixed Platforms.ActiveCfg = Debug|Any CPU
		{DA675460-F6E5-458C-BCEB-45B2986C90FC}.Debug|Mixed Platforms.Build.0 = Debug|Any CPU
		{DA675460-F6E5-458C-BCEB-45B2986C90FC}.Debug|Win32.ActiveCfg = Debug|Any CPU
		{DA675460-F6E5-458C-BCEB-45B2986C90FC}.Release|Any CPU.ActiveCfg = Release|Any CPU
		{DA675460-F6E5-458C-BCEB-45B2986C90FC}.Release|Any CPU.Build.0 = Release|Any CPU
		{DA675460-F6E5-458C-BCEB-45B2986C90FC}.Release|Mixed Platforms.ActiveCfg = Release|Any CPU
		{DA675460-F6E5-458C-BCEB-45B2986C90FC}.Release|Mixed Platforms.Build.0 = Release|Any CPU
		{DA675460-F6E5-458C-BCEB-45B2986C90FC}.Release|Win32.ActiveCfg = Release|Any CPU
		{AC97D259-3231-4575-8CA5-BF9EF79B5A87}.Debug|Any CPU.ActiveCfg = Debug|Win32
		{AC97D259-3231-4575-8CA5-BF9EF79B5A87}.Debug|Mixed Platforms.ActiveCfg = Debug|Win32
		{AC97D259-3231-4575-8CA5-BF9EF79B5A87}.Debug|Mixed Platforms.Build.0 = Debug|Win32
		{AC97D259-3231-4575-8CA5-BF9EF79B5A87}.Debug|Win32.ActiveCfg = Debug|Win32
		{AC97D259-3231-4575-8CA5-BF9EF79B5A87}.Debug|Win32.Build.0 = Debug|Win32
		{AC97D259-3231-4575-8CA5-BF9EF79B5A87}.Release|Any CPU.ActiveCfg = Release|Win32
		{AC97D259-3231-4575-8CA5-BF9EF79B5A87}.Release|Mixed Platforms.ActiveCfg = Release|Win32
		{AC97D259-3231-4575-8CA5-BF9EF79B5A87}.Release|Mixed Platforms.Build.0 = Release|Win32
		{AC97D259-3231-4575-8CA5-BF9EF79B5A87}.Release|Win32.ActiveCfg = Release|Win32
		{AC97D259-3231-4575-8CA5-BF9EF79B5A87}.Release|Win32.Build.0 = Release|Win32
		{CBFECC67-2F3D-49F9-8450-BF47FBB766DF}.Debug|Any CPU.ActiveCfg = Debug|Win32
		{CBFECC67-2F3D-49F9-8450-BF47FBB766DF}.Debug|Mixed Platforms.ActiveCfg = Debug|Win32
		{CBFECC67-2F3D-49F9-8450-BF47FBB766DF}.Debug|Mixed Platforms.Build.0 = Debug|Win32
		{CBFECC67-2F3D-49F9-8450-BF47FBB766DF}.Debug|Win32.ActiveCfg = Debug|Win32
		{CBFECC67-2F3D-49F9-8450-BF47FBB766DF}.Debug|Win32.Build.0 = Debug|Win32
		{CBFECC67-2F3D-49F9-8450-BF47FBB766DF}.Release|Any CPU.ActiveCfg = Release|Win32
		{CBFECC67-2F3D-49F9-8450-BF47FBB766DF}.Release|Mixed Platforms.ActiveCfg = Release|Win32
		{CBFECC67-2F3D-49F9-8450-BF47FBB766DF}.Release|Mixed Platforms.Build.0 = Release|Win32
		{CBFECC67-2F3D-49F9-8450-BF47FBB766DF}.Release|Win32.ActiveCfg = Release|Win32
		{CBFECC67-2F3D-49F9-8450-BF47FBB766DF}.Release|Win32.Build.0 = Release|Win32
		{760375AB-01FD-4E38-A778-FAA2A27F8C41}.Debug|Any CPU.ActiveCfg = Debug|Win32
		{760375AB-01FD-4E38-A778-FAA2A27F8C41}.Debug|Mixed Platforms.ActiveCfg = Debug|Win32
		{760375AB-01FD-4E38-A778-FAA2A27F8C41}.Debug|Mixed Platforms.Build.0 = Debug|Win32
		{760375AB-01FD-4E38-A778-FAA2A27F8C41}.Debug|Win32.ActiveCfg = Debug|Win32
		{760375AB-01FD-4E38-A778-FAA2A27F8C41}.Debug|Win32.Build.0 = Debug|Win32
		{760375AB-01FD-4E38-A778-FAA2A27F8C41}.Release|Any CPU.ActiveCfg = Release|Win32
		{760375AB-01FD-4E38-A778-FAA2A27F8C41}.Release|Mixed Platforms.ActiveCfg = Release|Win32
		{760375AB-01FD-4E38-A778-FAA2A27F8C41}.Release|Mixed Platforms.Build.0 = Release|Win32
		{760375AB-01FD-4E38-A778-FAA2A27F8C41}.Release|Win32.ActiveCfg = Release|Win32
		{760375AB-01FD-4E38-A778-FAA2A27F8C41}.Release|Win32.Build.0 = Release|Win32
		{FCE44FC5-2E80-4F7B-A11F-2974C0FAFC8C}.Debug|Any CPU.ActiveCfg = Debug|Win32
		{FCE44FC5-2E80-4F7B-A11F-2974C0FAFC8C}.Debug|Mixed Platforms.ActiveCfg = Debug|Win32
		{FCE44FC5-2E80-4F7B-A11F-2974C0FAFC8C}.Debug|Mixed Platforms.Build.0 = Debug|Win32
		{FCE44FC5-2E80-4F7B-A11F-2974C0FAFC8C}.Debug|Win32.ActiveCfg = Debug|Win32
		{FCE44FC5-2E80-4F7B-A11F-2974C0FAFC8C}.Debug|Win32.Build.0 = Debug|Win32
		{FCE44FC5-2E80-4F7B-A11F-2974C0FAFC8C}.Release|Any CPU.ActiveCfg = Release|Win32
		{FCE44FC5-2E80-4F7B-A11F-2974C0FAFC8C}.Release|Mixed Platforms.ActiveCfg = Release|Win32
		{FCE44FC5-2E80-4F7B-A11F-2974C0FAFC8C}.Release|Mixed Platforms.Build.0 = Release|Win32
		{FCE44FC5-2E80-4F7B-A11F-2974C0FAFC8C}.Release|Win32.ActiveCfg = Release|Win32
		{FCE44FC5-2E80-4F7B-A11F-2974C0FAFC8C}.Release|Win32.Build.0 = Release|Win32
		{D5D558EA-BBAC-4862-A946-D3881BACE3B7}.Debug|Any CPU.ActiveCfg = Debug|Win32
		{D5D558EA-BBAC-4862-A946-D3881BACE3B7}.Debug|Mixed Platforms.ActiveCfg = Debug|Win32
		{D5D558EA-BBAC-4862-A946-D3881BACE3B7}.Debug|Mixed Platforms.Build.0 = Debug|Win32
		{D5D558EA-BBAC-4862-A946-D3881BACE3B7}.Debug|Win32.ActiveCfg = Debug|Win32
		{D5D558EA-BBAC-4862-A946-D3881BACE3B7}.Debug|Win32.Build.0 = Debug|Win32
		{D5D558EA-BBAC-4862-A946-D3881BACE3B7}.Release|Any CPU.ActiveCfg = Release|Win32
		{D5D558EA-BBAC-4862-A946-D3881BACE3B7}.Release|Mixed Platforms.ActiveCfg = Release|Win32
		{D5D558EA-BBAC-4862-A946-D3881BACE3B7}.Release|Mixed Platforms.Build.0 = Release|Win32
		{D5D558EA-BBAC-4862-A946-D3881BACE3B7}.Release|Win32.ActiveCfg = Release|Win32
		{D5D558EA-BBAC-4862-A946-D3881BACE3B7}.Release|Win32.Build.0 = Release|Win32
		{63CC102A-A3CD-43CC-9535-A91E67256360}.Debug|Any CPU.ActiveCfg = Debug|Win32
		{63CC102A-A3CD-43CC-9535-A91E67256360}.Debug|Mixed Platforms.ActiveCfg = Debug|Win32
		{63CC102A-A3CD-43CC-9535-A91E67256360}.Debug|Mixed Platforms.Build.0 = Debug|Win32
		{63CC102A-A3CD-43CC-9535-A91E67256360}.Debug|Win32.ActiveCfg = Debug|Win32
		{63CC102A-A3CD-43CC-9535-A91E67256360}.Debug|Win32.Build.0 = Debug|Win32
		{63CC102A-A3CD-43CC-9535-A91E67256360}.Release|Any CPU.ActiveCfg = Release|Win32
		{63CC102A-A3CD-43CC-9535-A91E67256360}.Release|Mixed Platforms.ActiveCfg = Release|Win32
		{63CC102A-A3CD-43CC-9535-A91E67256360}.Release|Mixed Platforms.Build.0 = Release|Win32
		{63CC102A-A3CD-43CC-9535-A91E67256360}.Release|Win32.ActiveCfg = Release|Win32
		{63CC102A-A3CD-43CC-9535-A91E67256360}.Release|Win32.Build.0 = Release|Win32
		{4E6CE474-47A1-4AC8-8161-9CD214664EBB}.Debug|Any CPU.ActiveCfg = Debug|Win32
		{4E6CE474-47A1-4AC8-8161-9CD214664EBB}.Debug|Mixed Platforms.ActiveCfg = Debug|Win32
		{4E6CE474-47A1-4AC8-8161-9CD214664EBB}.Debug|Mixed Platforms.Build.0 = Debug|Win32
		{4E6CE474-47A1-4AC8-8161-9CD214664EBB}.Debug|Win32.ActiveCfg = Debug|Win32
		{4E6CE474-47A1-4AC8-8161-9CD214664EBB}.Debug|Win32.Build.0 = Debug|Win32
		{4E6CE474-47A1-4AC8-8161-9CD214664EBB}.Release|Any CPU.ActiveCfg = Release|Win32
		{4E6CE474-47A1-4AC8-8161-9CD214664EBB}.Release|Mixed Platforms.ActiveCfg = Release|Win32
		{4E6CE474-47A1-4AC8-8161-9CD214664EBB}.Release|Mixed Platforms.Build.0 = Release|Win32
		{4E6CE474-47A1-4AC8-8161-9CD214664EBB}.Release|Win32.ActiveCfg = Release|Win32
		{4E6CE474-47A1-4AC8-8161-9CD214664EBB}.Release|Win32.Build.0 = Release|Win32
		{CD58A1FF-0F7A-4490-B9B4-944326C48A5A}.Debug|Any CPU.ActiveCfg = Debug|Win32
		{CD58A1FF-0F7A-4490-B9B4-944326C48A5A}.Debug|Mixed Platforms.ActiveCfg = Debug|Win32
		{CD58A1FF-0F7A-4490-B9B4-944326C48A5A}.Debug|Mixed Platforms.Build.0 = Debug|Win32
		{CD58A1FF-0F7A-4490-B9B4-944326C48A5A}.Debug|Win32.ActiveCfg = Debug|Win32
		{CD58A1FF-0F7A-4490-B9B4-944326C48A5A}.Debug|Win32.Build.0 = Debug|Win32
		{CD58A1FF-0F7A-4490-B9B4-944326C48A5A}.Release|Any CPU.ActiveCfg = Release|Win32
		{CD58A1FF-0F7A-4490-B9B4-944326C48A5A}.Release|Mixed Platforms.ActiveCfg = Release|Win32
		{CD58A1FF-0F7A-4490-B9B4-944326C48A5A}.Release|Mixed Platforms.Build.0 = Release|Win32
		{CD58A1FF-0F7A-4490-B9B4-944326C48A5A}.Release|Win32.ActiveCfg = Release|Win32
		{CD58A1FF-0F7A-4490-B9B4-944326C48A5A}.Release|Win32.Build.0 = Release|Win32
		{A58C8BD5-3602-4886-80A0-CD4FFED42144}.Debug|Any CPU.ActiveCfg = Debug|Win32
		{A58C8BD5-3602-4886-80A0-CD4FFED42144}.Debug|Mixed Platforms.ActiveCfg = Debug|Win32
		{A58C8BD5-3602-4886-80A0-CD4FFED42144}.Debug|Mixed Platforms.Build.0 = Debug|Win32
		{A58C8BD5-3602-4886-80A0-CD4FFED42144}.Debug|Win32.ActiveCfg = Debug|Win32
		{A58C8BD5-3602-4886-80A0-CD4FFED42144}.Debug|Win32.Build.0 = Debug|Win32
		{A58C8BD5-3602-4886-80A0-CD4FFED42144}.Release|Any CPU.ActiveCfg = Release|Win32
		{A58C8BD5-3602-4886-80A0-CD4FFED42144}.Release|Mixed Platforms.ActiveCfg = Release|Win32
		{A58C8BD5-3602-4886-80A0-CD4FFED42144}.Release|Mixed Platforms.Build.0 = Release|Win32
		{A58C8BD5-3602-4886-80A0-CD4FFED42144}.Release|Win32.ActiveCfg = Release|Win32
		{A58C8BD5-3602-4886-80A0-CD4FFED42144}.Release|Win32.Build.0 = Release|Win32
		{408B3028-1B7E-4CFA-802B-79C08901E88E}.Debug|Any CPU.ActiveCfg = Debug|Any CPU
		{408B3028-1B7E-4CFA-802B-79C08901E88E}.Debug|Any CPU.Build.0 = Debug|Any CPU
		{408B3028-1B7E-4CFA-802B-79C08901E88E}.Debug|Mixed Platforms.ActiveCfg = Debug|Any CPU
		{408B3028-1B7E-4CFA-802B-79C08901E88E}.Debug|Mixed Platforms.Build.0 = Debug|Any CPU
		{408B3028-1B7E-4CFA-802B-79C08901E88E}.Debug|Win32.ActiveCfg = Debug|Any CPU
		{408B3028-1B7E-4CFA-802B-79C08901E88E}.Release|Any CPU.ActiveCfg = Release|Any CPU
		{408B3028-1B7E-4CFA-802B-79C08901E88E}.Release|Any CPU.Build.0 = Release|Any CPU
		{408B3028-1B7E-4CFA-802B-79C08901E88E}.Release|Mixed Platforms.ActiveCfg = Release|Any CPU
		{408B3028-1B7E-4CFA-802B-79C08901E88E}.Release|Mixed Platforms.Build.0 = Release|Any CPU
		{408B3028-1B7E-4CFA-802B-79C08901E88E}.Release|Win32.ActiveCfg = Release|Any CPU
		{41B1715C-D703-4383-AE28-DC542A38955F}.Debug|Any CPU.ActiveCfg = Debug|Any CPU
		{41B1715C-D703-4383-AE28-DC542A38955F}.Debug|Any CPU.Build.0 = Debug|Any CPU
		{41B1715C-D703-4383-AE28-DC542A38955F}.Debug|Mixed Platforms.ActiveCfg = Debug|Any CPU
		{41B1715C-D703-4383-AE28-DC542A38955F}.Debug|Mixed Platforms.Build.0 = Debug|Any CPU
		{41B1715C-D703-4383-AE28-DC542A38955F}.Debug|Win32.ActiveCfg = Debug|Any CPU
		{41B1715C-D703-4383-AE28-DC542A38955F}.Release|Any CPU.ActiveCfg = Release|Any CPU
		{41B1715C-D703-4383-AE28-DC542A38955F}.Release|Any CPU.Build.0 = Release|Any CPU
		{41B1715C-D703-4383-AE28-DC542A38955F}.Release|Mixed Platforms.ActiveCfg = Release|Any CPU
		{41B1715C-D703-4383-AE28-DC542A38955F}.Release|Mixed Platforms.Build.0 = Release|Any CPU
		{41B1715C-D703-4383-AE28-DC542A38955F}.Release|Win32.ActiveCfg = Release|Any CPU
		{64A4FEFE-0461-4E95-8CC1-91EF5F57DBC6}.Debug|Any CPU.ActiveCfg = Debug|Win32
		{64A4FEFE-0461-4E95-8CC1-91EF5F57DBC6}.Debug|Mixed Platforms.ActiveCfg = Debug|Win32
		{64A4FEFE-0461-4E95-8CC1-91EF5F57DBC6}.Debug|Mixed Platforms.Build.0 = Debug|Win32
		{64A4FEFE-0461-4E95-8CC1-91EF5F57DBC6}.Debug|Win32.ActiveCfg = Debug|Win32
		{64A4FEFE-0461-4E95-8CC1-91EF5F57DBC6}.Debug|Win32.Build.0 = Debug|Win32
		{64A4FEFE-0461-4E95-8CC1-91EF5F57DBC6}.Release|Any CPU.ActiveCfg = Release|Win32
		{64A4FEFE-0461-4E95-8CC1-91EF5F57DBC6}.Release|Mixed Platforms.ActiveCfg = Release|Win32
		{64A4FEFE-0461-4E95-8CC1-91EF5F57DBC6}.Release|Mixed Platforms.Build.0 = Release|Win32
		{64A4FEFE-0461-4E95-8CC1-91EF5F57DBC6}.Release|Win32.ActiveCfg = Release|Win32
		{64A4FEFE-0461-4E95-8CC1-91EF5F57DBC6}.Release|Win32.Build.0 = Release|Win32
		{4B063D0D-B606-44EE-A626-B9AB4D32418C}.Debug|Any CPU.ActiveCfg = Debug|Any CPU
		{4B063D0D-B606-44EE-A626-B9AB4D32418C}.Debug|Any CPU.Build.0 = Debug|Any CPU
		{4B063D0D-B606-44EE-A626-B9AB4D32418C}.Debug|Mixed Platforms.ActiveCfg = Debug|Any CPU
		{4B063D0D-B606-44EE-A626-B9AB4D32418C}.Debug|Mixed Platforms.Build.0 = Debug|Any CPU
		{4B063D0D-B606-44EE-A626-B9AB4D32418C}.Debug|Win32.ActiveCfg = Debug|Any CPU
		{4B063D0D-B606-44EE-A626-B9AB4D32418C}.Release|Any CPU.ActiveCfg = Release|Any CPU
		{4B063D0D-B606-44EE-A626-B9AB4D32418C}.Release|Any CPU.Build.0 = Release|Any CPU
		{4B063D0D-B606-44EE-A626-B9AB4D32418C}.Release|Mixed Platforms.ActiveCfg = Release|Any CPU
		{4B063D0D-B606-44EE-A626-B9AB4D32418C}.Release|Mixed Platforms.Build.0 = Release|Any CPU
		{4B063D0D-B606-44EE-A626-B9AB4D32418C}.Release|Win32.ActiveCfg = Release|Any CPU
	EndGlobalSection
	GlobalSection(SolutionProperties) = preSolution
		HideSolutionNode = FALSE
	EndGlobalSection
EndGlobal
