Microsoft Visual Studio Solution File, Format Version 12.00
# Visual Studio Express 2013 for Windows Desktop
VisualStudioVersion = 12.0.21005.1
MinimumVisualStudioVersion = 10.0.40219.1
Project("{8BC9CEB8-8B4A-11D0-8D11-00A0C91BC942}") = "example_executor_cpp", "examples\executor\C++\example_executor_cpp_vs12.vcxproj", "{AC97D259-3231-4575-8CA5-BF9EF79B5A87}"
EndProject
Project("{8BC9CEB8-8B4A-11D0-8D11-00A0C91BC942}") = "example_ordermatch", "examples\ordermatch\example_ordermatch_vs12.vcxproj", "{CBFECC67-2F3D-49F9-8450-BF47FBB766DF}"
EndProject
Project("{8BC9CEB8-8B4A-11D0-8D11-00A0C91BC942}") = "example_tradeclient", "examples\tradeclient\example_tradeclient_vs12.vcxproj", "{760375AB-01FD-4E38-A778-FAA2A27F8C41}"
EndProject
Project("{8BC9CEB8-8B4A-11D0-8D11-00A0C91BC942}") = "quickfix", "src\C++\quickfix_vs12.vcxproj", "{D5D558EA-BBAC-4862-A946-D3881BACE3B7}"
EndProject
Project("{8BC9CEB8-8B4A-11D0-8D11-00A0C91BC942}") = "test_acceptance", "src\test_acceptance_vs12.vcxproj", "{63CC102A-A3CD-43CC-9535-A91E67256360}"
EndProject
Project("{8BC9CEB8-8B4A-11D0-8D11-00A0C91BC942}") = "test_performance", "src\test_performance_vs12.vcxproj", "{4E6CE474-47A1-4AC8-8161-9CD214664EBB}"
EndProject
Project("{8BC9CEB8-8B4A-11D0-8D11-00A0C91BC942}") = "test_unit", "src\test_unit_vs12.vcxproj", "{CD58A1FF-0F7A-4490-B9B4-944326C48A5A}"
	ProjectSection(ProjectDependencies) = postProject
		{64A4FEFE-0461-4E95-8CC1-91EF5F57DBC6} = {64A4FEFE-0461-4E95-8CC1-91EF5F57DBC6}
	EndProjectSection
EndProject
Project("{8BC9CEB8-8B4A-11D0-8D11-00A0C91BC942}") = "test_acceptance_runner", "test\atrun\test_acceptance_runner_vs12.vcxproj", "{A58C8BD5-3602-4886-80A0-CD4FFED42144}"
	ProjectSection(ProjectDependencies) = postProject
		{64A4FEFE-0461-4E95-8CC1-91EF5F57DBC6} = {64A4FEFE-0461-4E95-8CC1-91EF5F57DBC6}
	EndProjectSection
EndProject
Project("{8BC9CEB8-8B4A-11D0-8D11-00A0C91BC942}") = "UnitTest++_vs12", "UnitTest++\UnitTest++_vs12.vcxproj", "{64A4FEFE-0461-4E95-8CC1-91EF5F57DBC6}"
EndProject
Global
	GlobalSection(SolutionConfigurationPlatforms) = preSolution
		Debug|Any CPU = Debug|Any CPU
		Debug|Mixed Platforms = Debug|Mixed Platforms
		Debug|Win32 = Debug|Win32
		Release|Any CPU = Release|Any CPU
		Release|Mixed Platforms = Release|Mixed Platforms
		Release|Win32 = Release|Win32
	EndGlobalSection
	GlobalSection(ProjectConfigurationPlatforms) = postSolution
		{AC97D259-3231-4575-8CA5-BF9EF79B5A87}.Debug|Any CPU.ActiveCfg = Debug|Win32
		{AC97D259-3231-4575-8CA5-BF9EF79B5A87}.Debug|Mixed Platforms.ActiveCfg = Debug|Win32
		{AC97D259-3231-4575-8CA5-BF9EF79B5A87}.Debug|Mixed Platforms.Build.0 = Debug|Win32
		{AC97D259-3231-4575-8CA5-BF9EF79B5A87}.Debug|Win32.ActiveCfg = Debug|Win32
		{AC97D259-3231-4575-8CA5-BF9EF79B5A87}.Debug|Win32.Build.0 = Debug|Win32
		{AC97D259-3231-4575-8CA5-BF9EF79B5A87}.Release|Any CPU.ActiveCfg = Release|Win32
		{AC97D259-3231-4575-8CA5-BF9EF79B5A87}.Release|Mixed Platforms.ActiveCfg = Release|Win32
		{AC97D259-3231-4575-8CA5-BF9EF79B5A87}.Release|Mixed Platforms.Build.0 = Release|Win32
		{AC97D259-3231-4575-8CA5-BF9EF79B5A87}.Release|Win32.ActiveCfg = Release|Win32
		{AC97D259-3231-4575-8CA5-BF9EF79B5A87}.Release|Win32.Build.0 = Release|Win32
		{CBFECC67-2F3D-49F9-8450-BF47FBB766DF}.Debug|Any CPU.ActiveCfg = Debug|Win32
		{CBFECC67-2F3D-49F9-8450-BF47FBB766DF}.Debug|Mixed Platforms.ActiveCfg = Debug|Win32
		{CBFECC67-2F3D-49F9-8450-BF47FBB766DF}.Debug|Mixed Platforms.Build.0 = Debug|Win32
		{CBFECC67-2F3D-49F9-8450-BF47FBB766DF}.Debug|Win32.ActiveCfg = Debug|Win32
		{CBFECC67-2F3D-49F9-8450-BF47FBB766DF}.Debug|Win32.Build.0 = Debug|Win32
		{CBFECC67-2F3D-49F9-8450-BF47FBB766DF}.Release|Any CPU.ActiveCfg = Release|Win32
		{CBFECC67-2F3D-49F9-8450-BF47FBB766DF}.Release|Mixed Platforms.ActiveCfg = Release|Win32
		{CBFECC67-2F3D-49F9-8450-BF47FBB766DF}.Release|Mixed Platforms.Build.0 = Release|Win32
		{CBFECC67-2F3D-49F9-8450-BF47FBB766DF}.Release|Win32.ActiveCfg = Release|Win32
		{CBFECC67-2F3D-49F9-8450-BF47FBB766DF}.Release|Win32.Build.0 = Release|Win32
		{760375AB-01FD-4E38-A778-FAA2A27F8C41}.Debug|Any CPU.ActiveCfg = Debug|Win32
		{760375AB-01FD-4E38-A778-FAA2A27F8C41}.Debug|Mixed Platforms.ActiveCfg = Debug|Win32
		{760375AB-01FD-4E38-A778-FAA2A27F8C41}.Debug|Mixed Platforms.Build.0 = Debug|Win32
		{760375AB-01FD-4E38-A778-FAA2A27F8C41}.Debug|Win32.ActiveCfg = Debug|Win32
		{760375AB-01FD-4E38-A778-FAA2A27F8C41}.Debug|Win32.Build.0 = Debug|Win32
		{760375AB-01FD-4E38-A778-FAA2A27F8C41}.Release|Any CPU.ActiveCfg = Release|Win32
		{760375AB-01FD-4E38-A778-FAA2A27F8C41}.Release|Mixed Platforms.ActiveCfg = Release|Win32
		{760375AB-01FD-4E38-A778-FAA2A27F8C41}.Release|Mixed Platforms.Build.0 = Release|Win32
		{760375AB-01FD-4E38-A778-FAA2A27F8C41}.Release|Win32.ActiveCfg = Release|Win32
		{760375AB-01FD-4E38-A778-FAA2A27F8C41}.Release|Win32.Build.0 = Release|Win32
		{D5D558EA-BBAC-4862-A946-D3881BACE3B7}.Debug|Any CPU.ActiveCfg = Debug|Win32
		{D5D558EA-BBAC-4862-A946-D3881BACE3B7}.Debug|Mixed Platforms.ActiveCfg = Debug|Win32
		{D5D558EA-BBAC-4862-A946-D3881BACE3B7}.Debug|Mixed Platforms.Build.0 = Debug|Win32
		{D5D558EA-BBAC-4862-A946-D3881BACE3B7}.Debug|Win32.ActiveCfg = Debug|Win32
		{D5D558EA-BBAC-4862-A946-D3881BACE3B7}.Debug|Win32.Build.0 = Debug|Win32
		{D5D558EA-BBAC-4862-A946-D3881BACE3B7}.Release|Any CPU.ActiveCfg = Release|Win32
		{D5D558EA-BBAC-4862-A946-D3881BACE3B7}.Release|Mixed Platforms.ActiveCfg = Release|Win32
		{D5D558EA-BBAC-4862-A946-D3881BACE3B7}.Release|Mixed Platforms.Build.0 = Release|Win32
		{D5D558EA-BBAC-4862-A946-D3881BACE3B7}.Release|Win32.ActiveCfg = Release|Win32
		{D5D558EA-BBAC-4862-A946-D3881BACE3B7}.Release|Win32.Build.0 = Release|Win32
		{63CC102A-A3CD-43CC-9535-A91E67256360}.Debug|Any CPU.ActiveCfg = Debug|Win32
		{63CC102A-A3CD-43CC-9535-A91E67256360}.Debug|Mixed Platforms.ActiveCfg = Debug|Win32
		{63CC102A-A3CD-43CC-9535-A91E67256360}.Debug|Mixed Platforms.Build.0 = Debug|Win32
		{63CC102A-A3CD-43CC-9535-A91E67256360}.Debug|Win32.ActiveCfg = Debug|Win32
		{63CC102A-A3CD-43CC-9535-A91E67256360}.Debug|Win32.Build.0 = Debug|Win32
		{63CC102A-A3CD-43CC-9535-A91E67256360}.Release|Any CPU.ActiveCfg = Release|Win32
		{63CC102A-A3CD-43CC-9535-A91E67256360}.Release|Mixed Platforms.ActiveCfg = Release|Win32
		{63CC102A-A3CD-43CC-9535-A91E67256360}.Release|Mixed Platforms.Build.0 = Release|Win32
		{63CC102A-A3CD-43CC-9535-A91E67256360}.Release|Win32.ActiveCfg = Release|Win32
		{63CC102A-A3CD-43CC-9535-A91E67256360}.Release|Win32.Build.0 = Release|Win32
		{4E6CE474-47A1-4AC8-8161-9CD214664EBB}.Debug|Any CPU.ActiveCfg = Debug|Win32
		{4E6CE474-47A1-4AC8-8161-9CD214664EBB}.Debug|Mixed Platforms.ActiveCfg = Debug|Win32
		{4E6CE474-47A1-4AC8-8161-9CD214664EBB}.Debug|Mixed Platforms.Build.0 = Debug|Win32
		{4E6CE474-47A1-4AC8-8161-9CD214664EBB}.Debug|Win32.ActiveCfg = Debug|Win32
		{4E6CE474-47A1-4AC8-8161-9CD214664EBB}.Debug|Win32.Build.0 = Debug|Win32
		{4E6CE474-47A1-4AC8-8161-9CD214664EBB}.Release|Any CPU.ActiveCfg = Release|Win32
		{4E6CE474-47A1-4AC8-8161-9CD214664EBB}.Release|Mixed Platforms.ActiveCfg = Release|Win32
		{4E6CE474-47A1-4AC8-8161-9CD214664EBB}.Release|Mixed Platforms.Build.0 = Release|Win32
		{4E6CE474-47A1-4AC8-8161-9CD214664EBB}.Release|Win32.ActiveCfg = Release|Win32
		{4E6CE474-47A1-4AC8-8161-9CD214664EBB}.Release|Win32.Build.0 = Release|Win32
		{CD58A1FF-0F7A-4490-B9B4-944326C48A5A}.Debug|Any CPU.ActiveCfg = Debug|Win32
		{CD58A1FF-0F7A-4490-B9B4-944326C48A5A}.Debug|Mixed Platforms.ActiveCfg = Debug|Win32
		{CD58A1FF-0F7A-4490-B9B4-944326C48A5A}.Debug|Mixed Platforms.Build.0 = Debug|Win32
		{CD58A1FF-0F7A-4490-B9B4-944326C48A5A}.Debug|Win32.ActiveCfg = Debug|Win32
		{CD58A1FF-0F7A-4490-B9B4-944326C48A5A}.Debug|Win32.Build.0 = Debug|Win32
		{CD58A1FF-0F7A-4490-B9B4-944326C48A5A}.Release|Any CPU.ActiveCfg = Release|Win32
		{CD58A1FF-0F7A-4490-B9B4-944326C48A5A}.Release|Mixed Platforms.ActiveCfg = Release|Win32
		{CD58A1FF-0F7A-4490-B9B4-944326C48A5A}.Release|Mixed Platforms.Build.0 = Release|Win32
		{CD58A1FF-0F7A-4490-B9B4-944326C48A5A}.Release|Win32.ActiveCfg = Release|Win32
		{CD58A1FF-0F7A-4490-B9B4-944326C48A5A}.Release|Win32.Build.0 = Release|Win32
		{A58C8BD5-3602-4886-80A0-CD4FFED42144}.Debug|Any CPU.ActiveCfg = Debug|Win32
		{A58C8BD5-3602-4886-80A0-CD4FFED42144}.Debug|Mixed Platforms.ActiveCfg = Debug|Win32
		{A58C8BD5-3602-4886-80A0-CD4FFED42144}.Debug|Mixed Platforms.Build.0 = Debug|Win32
		{A58C8BD5-3602-4886-80A0-CD4FFED42144}.Debug|Win32.ActiveCfg = Debug|Win32
		{A58C8BD5-3602-4886-80A0-CD4FFED42144}.Debug|Win32.Build.0 = Debug|Win32
		{A58C8BD5-3602-4886-80A0-CD4FFED42144}.Release|Any CPU.ActiveCfg = Release|Win32
		{A58C8BD5-3602-4886-80A0-CD4FFED42144}.Release|Mixed Platforms.ActiveCfg = Release|Win32
		{A58C8BD5-3602-4886-80A0-CD4FFED42144}.Release|Mixed Platforms.Build.0 = Release|Win32
		{A58C8BD5-3602-4886-80A0-CD4FFED42144}.Release|Win32.ActiveCfg = Release|Win32
		{A58C8BD5-3602-4886-80A0-CD4FFED42144}.Release|Win32.Build.0 = Release|Win32
		{64A4FEFE-0461-4E95-8CC1-91EF5F57DBC6}.Debug|Any CPU.ActiveCfg = Debug|Win32
		{64A4FEFE-0461-4E95-8CC1-91EF5F57DBC6}.Debug|Mixed Platforms.ActiveCfg = Debug|Win32
		{64A4FEFE-0461-4E95-8CC1-91EF5F57DBC6}.Debug|Mixed Platforms.Build.0 = Debug|Win32
		{64A4FEFE-0461-4E95-8CC1-91EF5F57DBC6}.Debug|Win32.ActiveCfg = Debug|Win32
		{64A4FEFE-0461-4E95-8CC1-91EF5F57DBC6}.Debug|Win32.Build.0 = Debug|Win32
		{64A4FEFE-0461-4E95-8CC1-91EF5F57DBC6}.Release|Any CPU.ActiveCfg = Release|Win32
		{64A4FEFE-0461-4E95-8CC1-91EF5F57DBC6}.Release|Mixed Platforms.ActiveCfg = Release|Win32
		{64A4FEFE-0461-4E95-8CC1-91EF5F57DBC6}.Release|Mixed Platforms.Build.0 = Release|Win32
		{64A4FEFE-0461-4E95-8CC1-91EF5F57DBC6}.Release|Win32.ActiveCfg = Release|Win32
		{64A4FEFE-0461-4E95-8CC1-91EF5F57DBC6}.Release|Win32.Build.0 = Release|Win32
	EndGlobalSection
	GlobalSection(SolutionProperties) = preSolution
		HideSolutionNode = FALSE
	EndGlobalSection
EndGlobal
